// !$*UTF8*$!
{
	archiveVersion = 1;
	classes = {
	};
	objectVersion = 50;
	objects = {

/* Begin PBXBuildFile section */
		3904B2D62292960C004236F2 /* TagItemLayout.swift in Sources */ = {isa = PBXBuildFile; fileRef = 3904B2CF2292960C004236F2 /* TagItemLayout.swift */; };
		3904B2D72292960C004236F2 /* HashTagListViewController.swift in Sources */ = {isa = PBXBuildFile; fileRef = 3904B2D02292960C004236F2 /* HashTagListViewController.swift */; };
		3904B2D82292960C004236F2 /* TagViewCell.xib in Resources */ = {isa = PBXBuildFile; fileRef = 3904B2D12292960C004236F2 /* TagViewCell.xib */; };
		3904B2D92292960C004236F2 /* TagView.swift in Sources */ = {isa = PBXBuildFile; fileRef = 3904B2D22292960C004236F2 /* TagView.swift */; };
		3904B2DA2292960C004236F2 /* HashTagListViewController.xib in Resources */ = {isa = PBXBuildFile; fileRef = 3904B2D32292960C004236F2 /* HashTagListViewController.xib */; };
		3904B2DB2292960C004236F2 /* TagViewCell.swift in Sources */ = {isa = PBXBuildFile; fileRef = 3904B2D42292960C004236F2 /* TagViewCell.swift */; };
		3904B2DC2292960C004236F2 /* TagView.xib in Resources */ = {isa = PBXBuildFile; fileRef = 3904B2D52292960C004236F2 /* TagView.xib */; };
		3904B2DE22929A4E004236F2 /* MainViewController.swift in Sources */ = {isa = PBXBuildFile; fileRef = 3904B2DD22929A4E004236F2 /* MainViewController.swift */; };
		3904C7652282DC9000D3D057 /* AppDelegate.swift in Sources */ = {isa = PBXBuildFile; fileRef = 3904C7642282DC9000D3D057 /* AppDelegate.swift */; };
		3904C7672282DC9000D3D057 /* ViewController.swift in Sources */ = {isa = PBXBuildFile; fileRef = 3904C7662282DC9000D3D057 /* ViewController.swift */; };
		3904C76A2282DC9000D3D057 /* Main.storyboard in Resources */ = {isa = PBXBuildFile; fileRef = 3904C7682282DC9000D3D057 /* Main.storyboard */; };
		3904C76C2282DC9300D3D057 /* Assets.xcassets in Resources */ = {isa = PBXBuildFile; fileRef = 3904C76B2282DC9300D3D057 /* Assets.xcassets */; };
		3904C76F2282DC9300D3D057 /* LaunchScreen.storyboard in Resources */ = {isa = PBXBuildFile; fileRef = 3904C76D2282DC9300D3D057 /* LaunchScreen.storyboard */; };
		3904C77A2282DC9300D3D057 /* TakePhotoManagerTests.swift in Sources */ = {isa = PBXBuildFile; fileRef = 3904C7792282DC9300D3D057 /* TakePhotoManagerTests.swift */; };
		3904C7852282DC9300D3D057 /* TakePhotoManagerUITests.swift in Sources */ = {isa = PBXBuildFile; fileRef = 3904C7842282DC9300D3D057 /* TakePhotoManagerUITests.swift */; };
		3904C79B2282DCD400D3D057 /* CropImageViewController.swift in Sources */ = {isa = PBXBuildFile; fileRef = 3904C7932282DCD400D3D057 /* CropImageViewController.swift */; };
		3904C79C2282DCD400D3D057 /* UIImage+Extension.swift in Sources */ = {isa = PBXBuildFile; fileRef = 3904C7942282DCD400D3D057 /* UIImage+Extension.swift */; };
		3904C79D2282DCD400D3D057 /* PreviewImageController.swift in Sources */ = {isa = PBXBuildFile; fileRef = 3904C7952282DCD400D3D057 /* PreviewImageController.swift */; };
		3904C79E2282DCD400D3D057 /* TakePhotoManager.swift in Sources */ = {isa = PBXBuildFile; fileRef = 3904C7962282DCD400D3D057 /* TakePhotoManager.swift */; };
		3904C79F2282DCD400D3D057 /* CameraManager.swift in Sources */ = {isa = PBXBuildFile; fileRef = 3904C7972282DCD400D3D057 /* CameraManager.swift */; };
		3904C7A02282DCD400D3D057 /* TakePhotoManager.xib in Resources */ = {isa = PBXBuildFile; fileRef = 3904C7982282DCD400D3D057 /* TakePhotoManager.xib */; };
		3904C7A12282DCD400D3D057 /* CropImageViewController.xib in Resources */ = {isa = PBXBuildFile; fileRef = 3904C7992282DCD400D3D057 /* CropImageViewController.xib */; };
		3904C7A22282DCD400D3D057 /* PreviewImageController.xib in Resources */ = {isa = PBXBuildFile; fileRef = 3904C79A2282DCD400D3D057 /* PreviewImageController.xib */; };
		39159801228D689600152279 /* UILabelX.swift in Sources */ = {isa = PBXBuildFile; fileRef = 391597EB228D689400152279 /* UILabelX.swift */; };
		39159802228D689600152279 /* UIBarButtonItem+Extension.swift in Sources */ = {isa = PBXBuildFile; fileRef = 391597EC228D689400152279 /* UIBarButtonItem+Extension.swift */; };
		39159803228D689600152279 /* UIViewXRadialGradient.swift in Sources */ = {isa = PBXBuildFile; fileRef = 391597ED228D689400152279 /* UIViewXRadialGradient.swift */; };
		39159804228D689600152279 /* UIWindow+Extension.swift in Sources */ = {isa = PBXBuildFile; fileRef = 391597EE228D689400152279 /* UIWindow+Extension.swift */; };
		39159805228D689600152279 /* UITextFieldX.swift in Sources */ = {isa = PBXBuildFile; fileRef = 391597EF228D689400152279 /* UITextFieldX.swift */; };
		39159806228D689600152279 /* UIScreen+Extension.swift in Sources */ = {isa = PBXBuildFile; fileRef = 391597F0228D689400152279 /* UIScreen+Extension.swift */; };
		39159807228D689600152279 /* UISliderX.swift in Sources */ = {isa = PBXBuildFile; fileRef = 391597F1228D689400152279 /* UISliderX.swift */; };
		39159808228D689600152279 /* UIViewX.swift in Sources */ = {isa = PBXBuildFile; fileRef = 391597F2228D689500152279 /* UIViewX.swift */; };
		39159809228D689600152279 /* UIViewAnchorPoint.swift in Sources */ = {isa = PBXBuildFile; fileRef = 391597F3228D689500152279 /* UIViewAnchorPoint.swift */; };
		3915980A228D689600152279 /* UIStoryboard+Extension.swift in Sources */ = {isa = PBXBuildFile; fileRef = 391597F4228D689500152279 /* UIStoryboard+Extension.swift */; };
		3915980B228D689600152279 /* ViewBase.swift in Sources */ = {isa = PBXBuildFile; fileRef = 391597F5228D689500152279 /* ViewBase.swift */; };
		3915980C228D689600152279 /* UINavigation+Extension.swift in Sources */ = {isa = PBXBuildFile; fileRef = 391597F6228D689500152279 /* UINavigation+Extension.swift */; };
		3915980D228D689600152279 /* BadgeButton+Extension.swift in Sources */ = {isa = PBXBuildFile; fileRef = 391597F7228D689500152279 /* BadgeButton+Extension.swift */; };
		3915980E228D689600152279 /* UIButtonX.swift in Sources */ = {isa = PBXBuildFile; fileRef = 391597F8228D689500152279 /* UIButtonX.swift */; };
		3915980F228D689600152279 /* UIColor+Extension.swift in Sources */ = {isa = PBXBuildFile; fileRef = 391597F9228D689500152279 /* UIColor+Extension.swift */; };
		39159810228D689600152279 /* UITextViewX.swift in Sources */ = {isa = PBXBuildFile; fileRef = 391597FA228D689500152279 /* UITextViewX.swift */; };
		39159811228D689600152279 /* UIViewControllerX.swift in Sources */ = {isa = PBXBuildFile; fileRef = 391597FB228D689500152279 /* UIViewControllerX.swift */; };
		39159812228D689600152279 /* Double+Extension.swift in Sources */ = {isa = PBXBuildFile; fileRef = 391597FC228D689500152279 /* Double+Extension.swift */; };
		39159813228D689600152279 /* String+Extension.swift in Sources */ = {isa = PBXBuildFile; fileRef = 391597FD228D689600152279 /* String+Extension.swift */; };
		39159814228D689600152279 /* UIImageViewX.swift in Sources */ = {isa = PBXBuildFile; fileRef = 391597FE228D689600152279 /* UIImageViewX.swift */; };
		39159815228D689600152279 /* Date-Helper.swift in Sources */ = {isa = PBXBuildFile; fileRef = 391597FF228D689600152279 /* Date-Helper.swift */; };
		39159816228D689600152279 /* UIVisualEffectViewX.swift in Sources */ = {isa = PBXBuildFile; fileRef = 39159800228D689600152279 /* UIVisualEffectViewX.swift */; };
/* End PBXBuildFile section */

/* Begin PBXContainerItemProxy section */
		3904C7762282DC9300D3D057 /* PBXContainerItemProxy */ = {
			isa = PBXContainerItemProxy;
			containerPortal = 3904C7592282DC9000D3D057 /* Project object */;
			proxyType = 1;
			remoteGlobalIDString = 3904C7602282DC9000D3D057;
			remoteInfo = TakePhotoManager;
		};
		3904C7812282DC9300D3D057 /* PBXContainerItemProxy */ = {
			isa = PBXContainerItemProxy;
			containerPortal = 3904C7592282DC9000D3D057 /* Project object */;
			proxyType = 1;
			remoteGlobalIDString = 3904C7602282DC9000D3D057;
			remoteInfo = TakePhotoManager;
		};
/* End PBXContainerItemProxy section */

/* Begin PBXFileReference section */
		3904B2CF2292960C004236F2 /* TagItemLayout.swift */ = {isa = PBXFileReference; fileEncoding = 4; lastKnownFileType = sourcecode.swift; path = TagItemLayout.swift; sourceTree = "<group>"; };
		3904B2D02292960C004236F2 /* HashTagListViewController.swift */ = {isa = PBXFileReference; fileEncoding = 4; lastKnownFileType = sourcecode.swift; path = HashTagListViewController.swift; sourceTree = "<group>"; };
		3904B2D12292960C004236F2 /* TagViewCell.xib */ = {isa = PBXFileReference; fileEncoding = 4; lastKnownFileType = file.xib; path = TagViewCell.xib; sourceTree = "<group>"; };
		3904B2D22292960C004236F2 /* TagView.swift */ = {isa = PBXFileReference; fileEncoding = 4; lastKnownFileType = sourcecode.swift; path = TagView.swift; sourceTree = "<group>"; };
		3904B2D32292960C004236F2 /* HashTagListViewController.xib */ = {isa = PBXFileReference; fileEncoding = 4; lastKnownFileType = file.xib; path = HashTagListViewController.xib; sourceTree = "<group>"; };
		3904B2D42292960C004236F2 /* TagViewCell.swift */ = {isa = PBXFileReference; fileEncoding = 4; lastKnownFileType = sourcecode.swift; path = TagViewCell.swift; sourceTree = "<group>"; };
		3904B2D52292960C004236F2 /* TagView.xib */ = {isa = PBXFileReference; fileEncoding = 4; lastKnownFileType = file.xib; path = TagView.xib; sourceTree = "<group>"; };
		3904B2DD22929A4E004236F2 /* MainViewController.swift */ = {isa = PBXFileReference; lastKnownFileType = sourcecode.swift; path = MainViewController.swift; sourceTree = "<group>"; };
		3904C7612282DC9000D3D057 /* TakePhotoManager.app */ = {isa = PBXFileReference; explicitFileType = wrapper.application; includeInIndex = 0; path = TakePhotoManager.app; sourceTree = BUILT_PRODUCTS_DIR; };
		3904C7642282DC9000D3D057 /* AppDelegate.swift */ = {isa = PBXFileReference; lastKnownFileType = sourcecode.swift; path = AppDelegate.swift; sourceTree = "<group>"; };
		3904C7662282DC9000D3D057 /* ViewController.swift */ = {isa = PBXFileReference; lastKnownFileType = sourcecode.swift; path = ViewController.swift; sourceTree = "<group>"; };
		3904C7692282DC9000D3D057 /* Base */ = {isa = PBXFileReference; lastKnownFileType = file.storyboard; name = Base; path = Base.lproj/Main.storyboard; sourceTree = "<group>"; };
		3904C76B2282DC9300D3D057 /* Assets.xcassets */ = {isa = PBXFileReference; lastKnownFileType = folder.assetcatalog; path = Assets.xcassets; sourceTree = "<group>"; };
		3904C76E2282DC9300D3D057 /* Base */ = {isa = PBXFileReference; lastKnownFileType = file.storyboard; name = Base; path = Base.lproj/LaunchScreen.storyboard; sourceTree = "<group>"; };
		3904C7702282DC9300D3D057 /* Info.plist */ = {isa = PBXFileReference; lastKnownFileType = text.plist.xml; path = Info.plist; sourceTree = "<group>"; };
		3904C7752282DC9300D3D057 /* TakePhotoManagerTests.xctest */ = {isa = PBXFileReference; explicitFileType = wrapper.cfbundle; includeInIndex = 0; path = TakePhotoManagerTests.xctest; sourceTree = BUILT_PRODUCTS_DIR; };
		3904C7792282DC9300D3D057 /* TakePhotoManagerTests.swift */ = {isa = PBXFileReference; lastKnownFileType = sourcecode.swift; path = TakePhotoManagerTests.swift; sourceTree = "<group>"; };
		3904C77B2282DC9300D3D057 /* Info.plist */ = {isa = PBXFileReference; lastKnownFileType = text.plist.xml; path = Info.plist; sourceTree = "<group>"; };
		3904C7802282DC9300D3D057 /* TakePhotoManagerUITests.xctest */ = {isa = PBXFileReference; explicitFileType = wrapper.cfbundle; includeInIndex = 0; path = TakePhotoManagerUITests.xctest; sourceTree = BUILT_PRODUCTS_DIR; };
		3904C7842282DC9300D3D057 /* TakePhotoManagerUITests.swift */ = {isa = PBXFileReference; lastKnownFileType = sourcecode.swift; path = TakePhotoManagerUITests.swift; sourceTree = "<group>"; };
		3904C7862282DC9300D3D057 /* Info.plist */ = {isa = PBXFileReference; lastKnownFileType = text.plist.xml; path = Info.plist; sourceTree = "<group>"; };
		3904C7932282DCD400D3D057 /* CropImageViewController.swift */ = {isa = PBXFileReference; fileEncoding = 4; lastKnownFileType = sourcecode.swift; path = CropImageViewController.swift; sourceTree = "<group>"; };
		3904C7942282DCD400D3D057 /* UIImage+Extension.swift */ = {isa = PBXFileReference; fileEncoding = 4; lastKnownFileType = sourcecode.swift; path = "UIImage+Extension.swift"; sourceTree = "<group>"; };
		3904C7952282DCD400D3D057 /* PreviewImageController.swift */ = {isa = PBXFileReference; fileEncoding = 4; lastKnownFileType = sourcecode.swift; path = PreviewImageController.swift; sourceTree = "<group>"; };
		3904C7962282DCD400D3D057 /* TakePhotoManager.swift */ = {isa = PBXFileReference; fileEncoding = 4; lastKnownFileType = sourcecode.swift; path = TakePhotoManager.swift; sourceTree = "<group>"; };
		3904C7972282DCD400D3D057 /* CameraManager.swift */ = {isa = PBXFileReference; fileEncoding = 4; lastKnownFileType = sourcecode.swift; path = CameraManager.swift; sourceTree = "<group>"; };
		3904C7982282DCD400D3D057 /* TakePhotoManager.xib */ = {isa = PBXFileReference; fileEncoding = 4; lastKnownFileType = file.xib; path = TakePhotoManager.xib; sourceTree = "<group>"; };
		3904C7992282DCD400D3D057 /* CropImageViewController.xib */ = {isa = PBXFileReference; fileEncoding = 4; lastKnownFileType = file.xib; path = CropImageViewController.xib; sourceTree = "<group>"; };
		3904C79A2282DCD400D3D057 /* PreviewImageController.xib */ = {isa = PBXFileReference; fileEncoding = 4; lastKnownFileType = file.xib; path = PreviewImageController.xib; sourceTree = "<group>"; };
		391597EB228D689400152279 /* UILabelX.swift */ = {isa = PBXFileReference; fileEncoding = 4; lastKnownFileType = sourcecode.swift; path = UILabelX.swift; sourceTree = "<group>"; };
		391597EC228D689400152279 /* UIBarButtonItem+Extension.swift */ = {isa = PBXFileReference; fileEncoding = 4; lastKnownFileType = sourcecode.swift; path = "UIBarButtonItem+Extension.swift"; sourceTree = "<group>"; };
		391597ED228D689400152279 /* UIViewXRadialGradient.swift */ = {isa = PBXFileReference; fileEncoding = 4; lastKnownFileType = sourcecode.swift; path = UIViewXRadialGradient.swift; sourceTree = "<group>"; };
		391597EE228D689400152279 /* UIWindow+Extension.swift */ = {isa = PBXFileReference; fileEncoding = 4; lastKnownFileType = sourcecode.swift; path = "UIWindow+Extension.swift"; sourceTree = "<group>"; };
		391597EF228D689400152279 /* UITextFieldX.swift */ = {isa = PBXFileReference; fileEncoding = 4; lastKnownFileType = sourcecode.swift; path = UITextFieldX.swift; sourceTree = "<group>"; };
		391597F0228D689400152279 /* UIScreen+Extension.swift */ = {isa = PBXFileReference; fileEncoding = 4; lastKnownFileType = sourcecode.swift; path = "UIScreen+Extension.swift"; sourceTree = "<group>"; };
		391597F1228D689400152279 /* UISliderX.swift */ = {isa = PBXFileReference; fileEncoding = 4; lastKnownFileType = sourcecode.swift; path = UISliderX.swift; sourceTree = "<group>"; };
		391597F2228D689500152279 /* UIViewX.swift */ = {isa = PBXFileReference; fileEncoding = 4; lastKnownFileType = sourcecode.swift; path = UIViewX.swift; sourceTree = "<group>"; };
		391597F3228D689500152279 /* UIViewAnchorPoint.swift */ = {isa = PBXFileReference; fileEncoding = 4; lastKnownFileType = sourcecode.swift; path = UIViewAnchorPoint.swift; sourceTree = "<group>"; };
		391597F4228D689500152279 /* UIStoryboard+Extension.swift */ = {isa = PBXFileReference; fileEncoding = 4; lastKnownFileType = sourcecode.swift; path = "UIStoryboard+Extension.swift"; sourceTree = "<group>"; };
		391597F5228D689500152279 /* ViewBase.swift */ = {isa = PBXFileReference; fileEncoding = 4; lastKnownFileType = sourcecode.swift; path = ViewBase.swift; sourceTree = "<group>"; };
		391597F6228D689500152279 /* UINavigation+Extension.swift */ = {isa = PBXFileReference; fileEncoding = 4; lastKnownFileType = sourcecode.swift; path = "UINavigation+Extension.swift"; sourceTree = "<group>"; };
		391597F7228D689500152279 /* BadgeButton+Extension.swift */ = {isa = PBXFileReference; fileEncoding = 4; lastKnownFileType = sourcecode.swift; path = "BadgeButton+Extension.swift"; sourceTree = "<group>"; };
		391597F8228D689500152279 /* UIButtonX.swift */ = {isa = PBXFileReference; fileEncoding = 4; lastKnownFileType = sourcecode.swift; path = UIButtonX.swift; sourceTree = "<group>"; };
		391597F9228D689500152279 /* UIColor+Extension.swift */ = {isa = PBXFileReference; fileEncoding = 4; lastKnownFileType = sourcecode.swift; path = "UIColor+Extension.swift"; sourceTree = "<group>"; };
		391597FA228D689500152279 /* UITextViewX.swift */ = {isa = PBXFileReference; fileEncoding = 4; lastKnownFileType = sourcecode.swift; path = UITextViewX.swift; sourceTree = "<group>"; };
		391597FB228D689500152279 /* UIViewControllerX.swift */ = {isa = PBXFileReference; fileEncoding = 4; lastKnownFileType = sourcecode.swift; path = UIViewControllerX.swift; sourceTree = "<group>"; };
		391597FC228D689500152279 /* Double+Extension.swift */ = {isa = PBXFileReference; fileEncoding = 4; lastKnownFileType = sourcecode.swift; path = "Double+Extension.swift"; sourceTree = "<group>"; };
		391597FD228D689600152279 /* String+Extension.swift */ = {isa = PBXFileReference; fileEncoding = 4; lastKnownFileType = sourcecode.swift; path = "String+Extension.swift"; sourceTree = "<group>"; };
		391597FE228D689600152279 /* UIImageViewX.swift */ = {isa = PBXFileReference; fileEncoding = 4; lastKnownFileType = sourcecode.swift; path = UIImageViewX.swift; sourceTree = "<group>"; };
		391597FF228D689600152279 /* Date-Helper.swift */ = {isa = PBXFileReference; fileEncoding = 4; lastKnownFileType = sourcecode.swift; path = "Date-Helper.swift"; sourceTree = "<group>"; };
		39159800228D689600152279 /* UIVisualEffectViewX.swift */ = {isa = PBXFileReference; fileEncoding = 4; lastKnownFileType = sourcecode.swift; path = UIVisualEffectViewX.swift; sourceTree = "<group>"; };
/* End PBXFileReference section */

/* Begin PBXFrameworksBuildPhase section */
		3904C75E2282DC9000D3D057 /* Frameworks */ = {
			isa = PBXFrameworksBuildPhase;
			buildActionMask = 2147483647;
			files = (
			);
			runOnlyForDeploymentPostprocessing = 0;
		};
		3904C7722282DC9300D3D057 /* Frameworks */ = {
			isa = PBXFrameworksBuildPhase;
			buildActionMask = 2147483647;
			files = (
			);
			runOnlyForDeploymentPostprocessing = 0;
		};
		3904C77D2282DC9300D3D057 /* Frameworks */ = {
			isa = PBXFrameworksBuildPhase;
			buildActionMask = 2147483647;
			files = (
			);
			runOnlyForDeploymentPostprocessing = 0;
		};
/* End PBXFrameworksBuildPhase section */

/* Begin PBXGroup section */
		3904B2CE2292960C004236F2 /* HashTagView */ = {
			isa = PBXGroup;
			children = (
				3904B2CF2292960C004236F2 /* TagItemLayout.swift */,
				3904B2D02292960C004236F2 /* HashTagListViewController.swift */,
				3904B2D32292960C004236F2 /* HashTagListViewController.xib */,
				3904B2D42292960C004236F2 /* TagViewCell.swift */,
				3904B2D12292960C004236F2 /* TagViewCell.xib */,
				3904B2D22292960C004236F2 /* TagView.swift */,
				3904B2D52292960C004236F2 /* TagView.xib */,
			);
			path = HashTagView;
			sourceTree = "<group>";
		};
		3904C7582282DC9000D3D057 = {
			isa = PBXGroup;
			children = (
				3904C7632282DC9000D3D057 /* TakePhotoManager */,
				3904C7782282DC9300D3D057 /* TakePhotoManagerTests */,
				3904C7832282DC9300D3D057 /* TakePhotoManagerUITests */,
				3904C7622282DC9000D3D057 /* Products */,
			);
			sourceTree = "<group>";
		};
		3904C7622282DC9000D3D057 /* Products */ = {
			isa = PBXGroup;
			children = (
				3904C7612282DC9000D3D057 /* TakePhotoManager.app */,
				3904C7752282DC9300D3D057 /* TakePhotoManagerTests.xctest */,
				3904C7802282DC9300D3D057 /* TakePhotoManagerUITests.xctest */,
			);
			name = Products;
			sourceTree = "<group>";
		};
		3904C7632282DC9000D3D057 /* TakePhotoManager */ = {
			isa = PBXGroup;
			children = (
				3904B2CE2292960C004236F2 /* HashTagView */,
				391597EA228D687C00152279 /* Extension */,
				3904C7922282DCD400D3D057 /* ManagerImage */,
				3904C7642282DC9000D3D057 /* AppDelegate.swift */,
				3904C7662282DC9000D3D057 /* ViewController.swift */,
				3904B2DD22929A4E004236F2 /* MainViewController.swift */,
				3904C7682282DC9000D3D057 /* Main.storyboard */,
				3904C76B2282DC9300D3D057 /* Assets.xcassets */,
				3904C76D2282DC9300D3D057 /* LaunchScreen.storyboard */,
				3904C7702282DC9300D3D057 /* Info.plist */,
			);
			path = TakePhotoManager;
			sourceTree = "<group>";
		};
		3904C7782282DC9300D3D057 /* TakePhotoManagerTests */ = {
			isa = PBXGroup;
			children = (
				3904C7792282DC9300D3D057 /* TakePhotoManagerTests.swift */,
				3904C77B2282DC9300D3D057 /* Info.plist */,
			);
			path = TakePhotoManagerTests;
			sourceTree = "<group>";
		};
		3904C7832282DC9300D3D057 /* TakePhotoManagerUITests */ = {
			isa = PBXGroup;
			children = (
				3904C7842282DC9300D3D057 /* TakePhotoManagerUITests.swift */,
				3904C7862282DC9300D3D057 /* Info.plist */,
			);
			path = TakePhotoManagerUITests;
			sourceTree = "<group>";
		};
		3904C7922282DCD400D3D057 /* ManagerImage */ = {
			isa = PBXGroup;
			children = (
				3904C7932282DCD400D3D057 /* CropImageViewController.swift */,
				3904C7942282DCD400D3D057 /* UIImage+Extension.swift */,
				3904C7952282DCD400D3D057 /* PreviewImageController.swift */,
				3904C7962282DCD400D3D057 /* TakePhotoManager.swift */,
				3904C7972282DCD400D3D057 /* CameraManager.swift */,
				3904C7982282DCD400D3D057 /* TakePhotoManager.xib */,
				3904C7992282DCD400D3D057 /* CropImageViewController.xib */,
				3904C79A2282DCD400D3D057 /* PreviewImageController.xib */,
			);
			path = ManagerImage;
			sourceTree = "<group>";
		};
		391597EA228D687C00152279 /* Extension */ = {
			isa = PBXGroup;
			children = (
				391597F7228D689500152279 /* BadgeButton+Extension.swift */,
				391597FF228D689600152279 /* Date-Helper.swift */,
				391597FC228D689500152279 /* Double+Extension.swift */,
				391597FD228D689600152279 /* String+Extension.swift */,
				391597EC228D689400152279 /* UIBarButtonItem+Extension.swift */,
				391597F8228D689500152279 /* UIButtonX.swift */,
				391597F9228D689500152279 /* UIColor+Extension.swift */,
				391597FE228D689600152279 /* UIImageViewX.swift */,
				391597EB228D689400152279 /* UILabelX.swift */,
				391597F6228D689500152279 /* UINavigation+Extension.swift */,
				391597F0228D689400152279 /* UIScreen+Extension.swift */,
				391597F1228D689400152279 /* UISliderX.swift */,
				391597F4228D689500152279 /* UIStoryboard+Extension.swift */,
				391597EF228D689400152279 /* UITextFieldX.swift */,
				391597FA228D689500152279 /* UITextViewX.swift */,
				391597F3228D689500152279 /* UIViewAnchorPoint.swift */,
				391597FB228D689500152279 /* UIViewControllerX.swift */,
				391597F2228D689500152279 /* UIViewX.swift */,
				391597ED228D689400152279 /* UIViewXRadialGradient.swift */,
				39159800228D689600152279 /* UIVisualEffectViewX.swift */,
				391597EE228D689400152279 /* UIWindow+Extension.swift */,
				391597F5228D689500152279 /* ViewBase.swift */,
			);
			path = Extension;
			sourceTree = "<group>";
		};
/* End PBXGroup section */

/* Begin PBXNativeTarget section */
		3904C7602282DC9000D3D057 /* TakePhotoManager */ = {
			isa = PBXNativeTarget;
			buildConfigurationList = 3904C7892282DC9300D3D057 /* Build configuration list for PBXNativeTarget "TakePhotoManager" */;
			buildPhases = (
				3904C75D2282DC9000D3D057 /* Sources */,
				3904C75E2282DC9000D3D057 /* Frameworks */,
				3904C75F2282DC9000D3D057 /* Resources */,
			);
			buildRules = (
			);
			dependencies = (
			);
			name = TakePhotoManager;
			productName = TakePhotoManager;
			productReference = 3904C7612282DC9000D3D057 /* TakePhotoManager.app */;
			productType = "com.apple.product-type.application";
		};
		3904C7742282DC9300D3D057 /* TakePhotoManagerTests */ = {
			isa = PBXNativeTarget;
			buildConfigurationList = 3904C78C2282DC9300D3D057 /* Build configuration list for PBXNativeTarget "TakePhotoManagerTests" */;
			buildPhases = (
				3904C7712282DC9300D3D057 /* Sources */,
				3904C7722282DC9300D3D057 /* Frameworks */,
				3904C7732282DC9300D3D057 /* Resources */,
			);
			buildRules = (
			);
			dependencies = (
				3904C7772282DC9300D3D057 /* PBXTargetDependency */,
			);
			name = TakePhotoManagerTests;
			productName = TakePhotoManagerTests;
			productReference = 3904C7752282DC9300D3D057 /* TakePhotoManagerTests.xctest */;
			productType = "com.apple.product-type.bundle.unit-test";
		};
		3904C77F2282DC9300D3D057 /* TakePhotoManagerUITests */ = {
			isa = PBXNativeTarget;
			buildConfigurationList = 3904C78F2282DC9300D3D057 /* Build configuration list for PBXNativeTarget "TakePhotoManagerUITests" */;
			buildPhases = (
				3904C77C2282DC9300D3D057 /* Sources */,
				3904C77D2282DC9300D3D057 /* Frameworks */,
				3904C77E2282DC9300D3D057 /* Resources */,
			);
			buildRules = (
			);
			dependencies = (
				3904C7822282DC9300D3D057 /* PBXTargetDependency */,
			);
			name = TakePhotoManagerUITests;
			productName = TakePhotoManagerUITests;
			productReference = 3904C7802282DC9300D3D057 /* TakePhotoManagerUITests.xctest */;
			productType = "com.apple.product-type.bundle.ui-testing";
		};
/* End PBXNativeTarget section */

/* Begin PBXProject section */
		3904C7592282DC9000D3D057 /* Project object */ = {
			isa = PBXProject;
			attributes = {
				LastSwiftUpdateCheck = 1020;
				LastUpgradeCheck = 1020;
				ORGANIZATIONNAME = DangHung;
				TargetAttributes = {
					3904C7602282DC9000D3D057 = {
						CreatedOnToolsVersion = 10.2;
					};
					3904C7742282DC9300D3D057 = {
						CreatedOnToolsVersion = 10.2;
						TestTargetID = 3904C7602282DC9000D3D057;
					};
					3904C77F2282DC9300D3D057 = {
						CreatedOnToolsVersion = 10.2;
						TestTargetID = 3904C7602282DC9000D3D057;
					};
				};
			};
			buildConfigurationList = 3904C75C2282DC9000D3D057 /* Build configuration list for PBXProject "TakePhotoManager" */;
			compatibilityVersion = "Xcode 9.3";
			developmentRegion = en;
			hasScannedForEncodings = 0;
			knownRegions = (
				en,
				Base,
			);
			mainGroup = 3904C7582282DC9000D3D057;
			productRefGroup = 3904C7622282DC9000D3D057 /* Products */;
			projectDirPath = "";
			projectRoot = "";
			targets = (
				3904C7602282DC9000D3D057 /* TakePhotoManager */,
				3904C7742282DC9300D3D057 /* TakePhotoManagerTests */,
				3904C77F2282DC9300D3D057 /* TakePhotoManagerUITests */,
			);
		};
/* End PBXProject section */

/* Begin PBXResourcesBuildPhase section */
		3904C75F2282DC9000D3D057 /* Resources */ = {
			isa = PBXResourcesBuildPhase;
			buildActionMask = 2147483647;
			files = (
				3904C7A12282DCD400D3D057 /* CropImageViewController.xib in Resources */,
				3904B2DA2292960C004236F2 /* HashTagListViewController.xib in Resources */,
				3904C76F2282DC9300D3D057 /* LaunchScreen.storyboard in Resources */,
				3904C7A22282DCD400D3D057 /* PreviewImageController.xib in Resources */,
				3904B2DC2292960C004236F2 /* TagView.xib in Resources */,
				3904C76C2282DC9300D3D057 /* Assets.xcassets in Resources */,
				3904C76A2282DC9000D3D057 /* Main.storyboard in Resources */,
				3904C7A02282DCD400D3D057 /* TakePhotoManager.xib in Resources */,
				3904B2D82292960C004236F2 /* TagViewCell.xib in Resources */,
			);
			runOnlyForDeploymentPostprocessing = 0;
		};
		3904C7732282DC9300D3D057 /* Resources */ = {
			isa = PBXResourcesBuildPhase;
			buildActionMask = 2147483647;
			files = (
			);
			runOnlyForDeploymentPostprocessing = 0;
		};
		3904C77E2282DC9300D3D057 /* Resources */ = {
			isa = PBXResourcesBuildPhase;
			buildActionMask = 2147483647;
			files = (
			);
			runOnlyForDeploymentPostprocessing = 0;
		};
/* End PBXResourcesBuildPhase section */

/* Begin PBXSourcesBuildPhase section */
		3904C75D2282DC9000D3D057 /* Sources */ = {
			isa = PBXSourcesBuildPhase;
			buildActionMask = 2147483647;
			files = (
				39159809228D689600152279 /* UIViewAnchorPoint.swift in Sources */,
				39159805228D689600152279 /* UITextFieldX.swift in Sources */,
				3904C79D2282DCD400D3D057 /* PreviewImageController.swift in Sources */,
				3915980F228D689600152279 /* UIColor+Extension.swift in Sources */,
				3915980B228D689600152279 /* ViewBase.swift in Sources */,
				3904C79F2282DCD400D3D057 /* CameraManager.swift in Sources */,
				39159813228D689600152279 /* String+Extension.swift in Sources */,
				3904B2DE22929A4E004236F2 /* MainViewController.swift in Sources */,
				3904B2D62292960C004236F2 /* TagItemLayout.swift in Sources */,
				39159815228D689600152279 /* Date-Helper.swift in Sources */,
				3904C79E2282DCD400D3D057 /* TakePhotoManager.swift in Sources */,
				3904B2DB2292960C004236F2 /* TagViewCell.swift in Sources */,
				3904C7672282DC9000D3D057 /* ViewController.swift in Sources */,
				39159807228D689600152279 /* UISliderX.swift in Sources */,
				39159804228D689600152279 /* UIWindow+Extension.swift in Sources */,
				3915980D228D689600152279 /* BadgeButton+Extension.swift in Sources */,
				3904C79B2282DCD400D3D057 /* CropImageViewController.swift in Sources */,
				3915980A228D689600152279 /* UIStoryboard+Extension.swift in Sources */,
				39159808228D689600152279 /* UIViewX.swift in Sources */,
				3904B2D72292960C004236F2 /* HashTagListViewController.swift in Sources */,
				39159814228D689600152279 /* UIImageViewX.swift in Sources */,
				39159806228D689600152279 /* UIScreen+Extension.swift in Sources */,
				39159811228D689600152279 /* UIViewControllerX.swift in Sources */,
				3904C7652282DC9000D3D057 /* AppDelegate.swift in Sources */,
				3904C79C2282DCD400D3D057 /* UIImage+Extension.swift in Sources */,
				39159802228D689600152279 /* UIBarButtonItem+Extension.swift in Sources */,
				3915980E228D689600152279 /* UIButtonX.swift in Sources */,
				39159803228D689600152279 /* UIViewXRadialGradient.swift in Sources */,
				3915980C228D689600152279 /* UINavigation+Extension.swift in Sources */,
				39159816228D689600152279 /* UIVisualEffectViewX.swift in Sources */,
				39159810228D689600152279 /* UITextViewX.swift in Sources */,
				39159812228D689600152279 /* Double+Extension.swift in Sources */,
				39159801228D689600152279 /* UILabelX.swift in Sources */,
				3904B2D92292960C004236F2 /* TagView.swift in Sources */,
			);
			runOnlyForDeploymentPostprocessing = 0;
		};
		3904C7712282DC9300D3D057 /* Sources */ = {
			isa = PBXSourcesBuildPhase;
			buildActionMask = 2147483647;
			files = (
				3904C77A2282DC9300D3D057 /* TakePhotoManagerTests.swift in Sources */,
			);
			runOnlyForDeploymentPostprocessing = 0;
		};
		3904C77C2282DC9300D3D057 /* Sources */ = {
			isa = PBXSourcesBuildPhase;
			buildActionMask = 2147483647;
			files = (
				3904C7852282DC9300D3D057 /* TakePhotoManagerUITests.swift in Sources */,
			);
			runOnlyForDeploymentPostprocessing = 0;
		};
/* End PBXSourcesBuildPhase section */

/* Begin PBXTargetDependency section */
		3904C7772282DC9300D3D057 /* PBXTargetDependency */ = {
			isa = PBXTargetDependency;
			target = 3904C7602282DC9000D3D057 /* TakePhotoManager */;
			targetProxy = 3904C7762282DC9300D3D057 /* PBXContainerItemProxy */;
		};
		3904C7822282DC9300D3D057 /* PBXTargetDependency */ = {
			isa = PBXTargetDependency;
			target = 3904C7602282DC9000D3D057 /* TakePhotoManager */;
			targetProxy = 3904C7812282DC9300D3D057 /* PBXContainerItemProxy */;
		};
/* End PBXTargetDependency section */

/* Begin PBXVariantGroup section */
		3904C7682282DC9000D3D057 /* Main.storyboard */ = {
			isa = PBXVariantGroup;
			children = (
				3904C7692282DC9000D3D057 /* Base */,
			);
			name = Main.storyboard;
			sourceTree = "<group>";
		};
		3904C76D2282DC9300D3D057 /* LaunchScreen.storyboard */ = {
			isa = PBXVariantGroup;
			children = (
				3904C76E2282DC9300D3D057 /* Base */,
			);
			name = LaunchScreen.storyboard;
			sourceTree = "<group>";
		};
/* End PBXVariantGroup section */

/* Begin XCBuildConfiguration section */
		3904C7872282DC9300D3D057 /* Debug */ = {
			isa = XCBuildConfiguration;
			buildSettings = {
				ALWAYS_SEARCH_USER_PATHS = NO;
				CLANG_ANALYZER_NONNULL = YES;
				CLANG_ANALYZER_NUMBER_OBJECT_CONVERSION = YES_AGGRESSIVE;
				CLANG_CXX_LANGUAGE_STANDARD = "gnu++14";
				CLANG_CXX_LIBRARY = "libc++";
				CLANG_ENABLE_MODULES = YES;
				CLANG_ENABLE_OBJC_ARC = YES;
				CLANG_ENABLE_OBJC_WEAK = YES;
				CLANG_WARN_BLOCK_CAPTURE_AUTORELEASING = YES;
				CLANG_WARN_BOOL_CONVERSION = YES;
				CLANG_WARN_COMMA = YES;
				CLANG_WARN_CONSTANT_CONVERSION = YES;
				CLANG_WARN_DEPRECATED_OBJC_IMPLEMENTATIONS = YES;
				CLANG_WARN_DIRECT_OBJC_ISA_USAGE = YES_ERROR;
				CLANG_WARN_DOCUMENTATION_COMMENTS = YES;
				CLANG_WARN_EMPTY_BODY = YES;
				CLANG_WARN_ENUM_CONVERSION = YES;
				CLANG_WARN_INFINITE_RECURSION = YES;
				CLANG_WARN_INT_CONVERSION = YES;
				CLANG_WARN_NON_LITERAL_NULL_CONVERSION = YES;
				CLANG_WARN_OBJC_IMPLICIT_RETAIN_SELF = YES;
				CLANG_WARN_OBJC_LITERAL_CONVERSION = YES;
				CLANG_WARN_OBJC_ROOT_CLASS = YES_ERROR;
				CLANG_WARN_RANGE_LOOP_ANALYSIS = YES;
				CLANG_WARN_STRICT_PROTOTYPES = YES;
				CLANG_WARN_SUSPICIOUS_MOVE = YES;
				CLANG_WARN_UNGUARDED_AVAILABILITY = YES_AGGRESSIVE;
				CLANG_WARN_UNREACHABLE_CODE = YES;
				CLANG_WARN__DUPLICATE_METHOD_MATCH = YES;
				CODE_SIGN_IDENTITY = "iPhone Developer";
				COPY_PHASE_STRIP = NO;
				DEBUG_INFORMATION_FORMAT = dwarf;
				ENABLE_STRICT_OBJC_MSGSEND = YES;
				ENABLE_TESTABILITY = YES;
				GCC_C_LANGUAGE_STANDARD = gnu11;
				GCC_DYNAMIC_NO_PIC = NO;
				GCC_NO_COMMON_BLOCKS = YES;
				GCC_OPTIMIZATION_LEVEL = 0;
				GCC_PREPROCESSOR_DEFINITIONS = (
					"DEBUG=1",
					"$(inherited)",
				);
				GCC_WARN_64_TO_32_BIT_CONVERSION = YES;
				GCC_WARN_ABOUT_RETURN_TYPE = YES_ERROR;
				GCC_WARN_UNDECLARED_SELECTOR = YES;
				GCC_WARN_UNINITIALIZED_AUTOS = YES_AGGRESSIVE;
				GCC_WARN_UNUSED_FUNCTION = YES;
				GCC_WARN_UNUSED_VARIABLE = YES;
				IPHONEOS_DEPLOYMENT_TARGET = 12.2;
				MTL_ENABLE_DEBUG_INFO = INCLUDE_SOURCE;
				MTL_FAST_MATH = YES;
				ONLY_ACTIVE_ARCH = YES;
				SDKROOT = iphoneos;
				SWIFT_ACTIVE_COMPILATION_CONDITIONS = DEBUG;
				SWIFT_OPTIMIZATION_LEVEL = "-Onone";
			};
			name = Debug;
		};
		3904C7882282DC9300D3D057 /* Release */ = {
			isa = XCBuildConfiguration;
			buildSettings = {
				ALWAYS_SEARCH_USER_PATHS = NO;
				CLANG_ANALYZER_NONNULL = YES;
				CLANG_ANALYZER_NUMBER_OBJECT_CONVERSION = YES_AGGRESSIVE;
				CLANG_CXX_LANGUAGE_STANDARD = "gnu++14";
				CLANG_CXX_LIBRARY = "libc++";
				CLANG_ENABLE_MODULES = YES;
				CLANG_ENABLE_OBJC_ARC = YES;
				CLANG_ENABLE_OBJC_WEAK = YES;
				CLANG_WARN_BLOCK_CAPTURE_AUTORELEASING = YES;
				CLANG_WARN_BOOL_CONVERSION = YES;
				CLANG_WARN_COMMA = YES;
				CLANG_WARN_CONSTANT_CONVERSION = YES;
				CLANG_WARN_DEPRECATED_OBJC_IMPLEMENTATIONS = YES;
				CLANG_WARN_DIRECT_OBJC_ISA_USAGE = YES_ERROR;
				CLANG_WARN_DOCUMENTATION_COMMENTS = YES;
				CLANG_WARN_EMPTY_BODY = YES;
				CLANG_WARN_ENUM_CONVERSION = YES;
				CLANG_WARN_INFINITE_RECURSION = YES;
				CLANG_WARN_INT_CONVERSION = YES;
				CLANG_WARN_NON_LITERAL_NULL_CONVERSION = YES;
				CLANG_WARN_OBJC_IMPLICIT_RETAIN_SELF = YES;
				CLANG_WARN_OBJC_LITERAL_CONVERSION = YES;
				CLANG_WARN_OBJC_ROOT_CLASS = YES_ERROR;
				CLANG_WARN_RANGE_LOOP_ANALYSIS = YES;
				CLANG_WARN_STRICT_PROTOTYPES = YES;
				CLANG_WARN_SUSPICIOUS_MOVE = YES;
				CLANG_WARN_UNGUARDED_AVAILABILITY = YES_AGGRESSIVE;
				CLANG_WARN_UNREACHABLE_CODE = YES;
				CLANG_WARN__DUPLICATE_METHOD_MATCH = YES;
				CODE_SIGN_IDENTITY = "iPhone Developer";
				COPY_PHASE_STRIP = NO;
				DEBUG_INFORMATION_FORMAT = "dwarf-with-dsym";
				ENABLE_NS_ASSERTIONS = NO;
				ENABLE_STRICT_OBJC_MSGSEND = YES;
				GCC_C_LANGUAGE_STANDARD = gnu11;
				GCC_NO_COMMON_BLOCKS = YES;
				GCC_WARN_64_TO_32_BIT_CONVERSION = YES;
				GCC_WARN_ABOUT_RETURN_TYPE = YES_ERROR;
				GCC_WARN_UNDECLARED_SELECTOR = YES;
				GCC_WARN_UNINITIALIZED_AUTOS = YES_AGGRESSIVE;
				GCC_WARN_UNUSED_FUNCTION = YES;
				GCC_WARN_UNUSED_VARIABLE = YES;
				IPHONEOS_DEPLOYMENT_TARGET = 12.2;
				MTL_ENABLE_DEBUG_INFO = NO;
				MTL_FAST_MATH = YES;
				SDKROOT = iphoneos;
				SWIFT_COMPILATION_MODE = wholemodule;
				SWIFT_OPTIMIZATION_LEVEL = "-O";
				VALIDATE_PRODUCT = YES;
			};
			name = Release;
		};
		3904C78A2282DC9300D3D057 /* Debug */ = {
			isa = XCBuildConfiguration;
			buildSettings = {
				ASSETCATALOG_COMPILER_APPICON_NAME = AppIcon;
				CODE_SIGN_STYLE = Automatic;
				INFOPLIST_FILE = TakePhotoManager/Info.plist;
				LD_RUNPATH_SEARCH_PATHS = (
					"$(inherited)",
					"@executable_path/Frameworks",
				);
				PRODUCT_BUNDLE_IDENTIFIER = com.danghung.TakePhotoManager;
				PRODUCT_NAME = "$(TARGET_NAME)";
				SWIFT_VERSION = 5.0;
				TARGETED_DEVICE_FAMILY = "1,2";
			};
			name = Debug;
		};
		3904C78B2282DC9300D3D057 /* Release */ = {
			isa = XCBuildConfiguration;
			buildSettings = {
				ASSETCATALOG_COMPILER_APPICON_NAME = AppIcon;
				CODE_SIGN_STYLE = Automatic;
				INFOPLIST_FILE = TakePhotoManager/Info.plist;
				LD_RUNPATH_SEARCH_PATHS = (
					"$(inherited)",
					"@executable_path/Frameworks",
				);
				PRODUCT_BUNDLE_IDENTIFIER = com.danghung.TakePhotoManager;
				PRODUCT_NAME = "$(TARGET_NAME)";
				SWIFT_VERSION = 5.0;
				TARGETED_DEVICE_FAMILY = "1,2";
			};
			name = Release;
		};
		3904C78D2282DC9300D3D057 /* Debug */ = {
			isa = XCBuildConfiguration;
			buildSettings = {
				ALWAYS_EMBED_SWIFT_STANDARD_LIBRARIES = YES;
				BUNDLE_LOADER = "$(TEST_HOST)";
				CODE_SIGN_STYLE = Automatic;
				INFOPLIST_FILE = TakePhotoManagerTests/Info.plist;
				LD_RUNPATH_SEARCH_PATHS = (
					"$(inherited)",
					"@executable_path/Frameworks",
					"@loader_path/Frameworks",
				);
				PRODUCT_BUNDLE_IDENTIFIER = com.danghung.TakePhotoManagerTests;
				PRODUCT_NAME = "$(TARGET_NAME)";
				SWIFT_VERSION = 5.0;
				TARGETED_DEVICE_FAMILY = "1,2";
				TEST_HOST = "$(BUILT_PRODUCTS_DIR)/TakePhotoManager.app/TakePhotoManager";
			};
			name = Debug;
		};
		3904C78E2282DC9300D3D057 /* Release */ = {
			isa = XCBuildConfiguration;
			buildSettings = {
				ALWAYS_EMBED_SWIFT_STANDARD_LIBRARIES = YES;
				BUNDLE_LOADER = "$(TEST_HOST)";
				CODE_SIGN_STYLE = Automatic;
				INFOPLIST_FILE = TakePhotoManagerTests/Info.plist;
				LD_RUNPATH_SEARCH_PATHS = (
					"$(inherited)",
					"@executable_path/Frameworks",
					"@loader_path/Frameworks",
				);
				PRODUCT_BUNDLE_IDENTIFIER = com.danghung.TakePhotoManagerTests;
				PRODUCT_NAME = "$(TARGET_NAME)";
				SWIFT_VERSION = 5.0;
				TARGETED_DEVICE_FAMILY = "1,2";
				TEST_HOST = "$(BUILT_PRODUCTS_DIR)/TakePhotoManager.app/TakePhotoManager";
			};
			name = Release;
		};
		3904C7902282DC9300D3D057 /* Debug */ = {
			isa = XCBuildConfiguration;
			buildSettings = {
				ALWAYS_EMBED_SWIFT_STANDARD_LIBRARIES = YES;
				CODE_SIGN_STYLE = Automatic;
				INFOPLIST_FILE = TakePhotoManagerUITests/Info.plist;
				LD_RUNPATH_SEARCH_PATHS = (
					"$(inherited)",
					"@executable_path/Frameworks",
					"@loader_path/Frameworks",
				);
				PRODUCT_BUNDLE_IDENTIFIER = com.danghung.TakePhotoManagerUITests;
				PRODUCT_NAME = "$(TARGET_NAME)";
				SWIFT_VERSION = 5.0;
				TARGETED_DEVICE_FAMILY = "1,2";
				TEST_TARGET_NAME = TakePhotoManager;
			};
			name = Debug;
		};
		3904C7912282DC9300D3D057 /* Release */ = {
			isa = XCBuildConfiguration;
			buildSettings = {
				ALWAYS_EMBED_SWIFT_STANDARD_LIBRARIES = YES;
				CODE_SIGN_STYLE = Automatic;
				INFOPLIST_FILE = TakePhotoManagerUITests/Info.plist;
				LD_RUNPATH_SEARCH_PATHS = (
					"$(inherited)",
					"@executable_path/Frameworks",
					"@loader_path/Frameworks",
				);
				PRODUCT_BUNDLE_IDENTIFIER = com.danghung.TakePhotoManagerUITests;
				PRODUCT_NAME = "$(TARGET_NAME)";
				SWIFT_VERSION = 5.0;
				TARGETED_DEVICE_FAMILY = "1,2";
				TEST_TARGET_NAME = TakePhotoManager;
			};
			name = Release;
		};
/* End XCBuildConfiguration section */

/* Begin XCConfigurationList section */
		3904C75C2282DC9000D3D057 /* Build configuration list for PBXProject "TakePhotoManager" */ = {
			isa = XCConfigurationList;
			buildConfigurations = (
				3904C7872282DC9300D3D057 /* Debug */,
				3904C7882282DC9300D3D057 /* Release */,
			);
			defaultConfigurationIsVisible = 0;
			defaultConfigurationName = Release;
		};
		3904C7892282DC9300D3D057 /* Build configuration list for PBXNativeTarget "TakePhotoManager" */ = {
			isa = XCConfigurationList;
			buildConfigurations = (
				3904C78A2282DC9300D3D057 /* Debug */,
				3904C78B2282DC9300D3D057 /* Release */,
			);
			defaultConfigurationIsVisible = 0;
			defaultConfigurationName = Release;
		};
		3904C78C2282DC9300D3D057 /* Build configuration list for PBXNativeTarget "TakePhotoManagerTests" */ = {
			isa = XCConfigurationList;
			buildConfigurations = (
				3904C78D2282DC9300D3D057 /* Debug */,
				3904C78E2282DC9300D3D057 /* Release */,
			);
			defaultConfigurationIsVisible = 0;
			defaultConfigurationName = Release;
		};
		3904C78F2282DC9300D3D057 /* Build configuration list for PBXNativeTarget "TakePhotoManagerUITests" */ = {
			isa = XCConfigurationList;
			buildConfigurations = (
				3904C7902282DC9300D3D057 /* Debug */,
				3904C7912282DC9300D3D057 /* Release */,
			);
			defaultConfigurationIsVisible = 0;
			defaultConfigurationName = Release;
		};
/* End XCConfigurationList section */
	};
	rootObject = 3904C7592282DC9000D3D057 /* Project object */;
}
