// !$*UTF8*$!
{
	archiveVersion = 1;
	classes = {
	};
	objectVersion = 51;
	objects = {

/* Begin PBXBuildFile section */
		32389735D049B8015C05B084 /* Pods_TakePhotoManager.framework in Frameworks */ = {isa = PBXBuildFile; fileRef = EEB4176D71C66B7808BD508E /* Pods_TakePhotoManager.framework */; };
		3904B2D62292960C004236F2 /* TagItemLayout.swift in Sources */ = {isa = PBXBuildFile; fileRef = 3904B2CF2292960C004236F2 /* TagItemLayout.swift */; };
		3904B2D72292960C004236F2 /* HashTagListViewController.swift in Sources */ = {isa = PBXBuildFile; fileRef = 3904B2D02292960C004236F2 /* HashTagListViewController.swift */; };
		3904B2D82292960C004236F2 /* TagViewCell.xib in Resources */ = {isa = PBXBuildFile; fileRef = 3904B2D12292960C004236F2 /* TagViewCell.xib */; };
		3904B2D92292960C004236F2 /* TagView.swift in Sources */ = {isa = PBXBuildFile; fileRef = 3904B2D22292960C004236F2 /* TagView.swift */; };
		3904B2DA2292960C004236F2 /* HashTagListViewController.xib in Resources */ = {isa = PBXBuildFile; fileRef = 3904B2D32292960C004236F2 /* HashTagListViewController.xib */; };
		3904B2DB2292960C004236F2 /* TagViewCell.swift in Sources */ = {isa = PBXBuildFile; fileRef = 3904B2D42292960C004236F2 /* TagViewCell.swift */; };
		3904B2DC2292960C004236F2 /* TagView.xib in Resources */ = {isa = PBXBuildFile; fileRef = 3904B2D52292960C004236F2 /* TagView.xib */; };
		3904B2DE22929A4E004236F2 /* MainViewController.swift in Sources */ = {isa = PBXBuildFile; fileRef = 3904B2DD22929A4E004236F2 /* MainViewController.swift */; };
		3904B2E32292A37B004236F2 /* FeedCollectionViewLayout.swift in Sources */ = {isa = PBXBuildFile; fileRef = 3904B2DF2292A37B004236F2 /* FeedCollectionViewLayout.swift */; };
		3904B2E42292A37B004236F2 /* BaseViewController.swift in Sources */ = {isa = PBXBuildFile; fileRef = 3904B2E02292A37B004236F2 /* BaseViewController.swift */; };
		3904B2E52292A37B004236F2 /* BaseTableViewCell.swift in Sources */ = {isa = PBXBuildFile; fileRef = 3904B2E12292A37B004236F2 /* BaseTableViewCell.swift */; };
		3904B2E62292A37B004236F2 /* BaseCollectionView.swift in Sources */ = {isa = PBXBuildFile; fileRef = 3904B2E22292A37B004236F2 /* BaseCollectionView.swift */; };
		3904B2F02292A6B2004236F2 /* AppColor.swift in Sources */ = {isa = PBXBuildFile; fileRef = 3904B2EA2292A6B2004236F2 /* AppColor.swift */; };
		3904B2F12292A6B2004236F2 /* LoadingHelper.swift in Sources */ = {isa = PBXBuildFile; fileRef = 3904B2EB2292A6B2004236F2 /* LoadingHelper.swift */; };
		3904B2F22292A6B2004236F2 /* AppKey.swift in Sources */ = {isa = PBXBuildFile; fileRef = 3904B2EC2292A6B2004236F2 /* AppKey.swift */; };
		3904B2F32292A6B2004236F2 /* SettingsApp.swift in Sources */ = {isa = PBXBuildFile; fileRef = 3904B2ED2292A6B2004236F2 /* SettingsApp.swift */; };
		3904B2F42292A6B2004236F2 /* AppFont.swift in Sources */ = {isa = PBXBuildFile; fileRef = 3904B2EE2292A6B2004236F2 /* AppFont.swift */; };
		3904B2FD2292A797004236F2 /* MenuTableViewCell.xib in Resources */ = {isa = PBXBuildFile; fileRef = 3904B2F62292A796004236F2 /* MenuTableViewCell.xib */; };
		3904B2FE2292A797004236F2 /* MenuHelper.swift in Sources */ = {isa = PBXBuildFile; fileRef = 3904B2F72292A796004236F2 /* MenuHelper.swift */; };
		3904B2FF2292A797004236F2 /* MenuTableViewCell.swift in Sources */ = {isa = PBXBuildFile; fileRef = 3904B2F82292A796004236F2 /* MenuTableViewCell.swift */; };
		3904B3002292A797004236F2 /* MenuViewController.xib in Resources */ = {isa = PBXBuildFile; fileRef = 3904B2F92292A796004236F2 /* MenuViewController.xib */; };
		3904B3012292A797004236F2 /* DismissMenuAnimator.swift in Sources */ = {isa = PBXBuildFile; fileRef = 3904B2FA2292A796004236F2 /* DismissMenuAnimator.swift */; };
		3904B3022292A797004236F2 /* PresentMenuAnimator.swift in Sources */ = {isa = PBXBuildFile; fileRef = 3904B2FB2292A796004236F2 /* PresentMenuAnimator.swift */; };
		3904B3032292A797004236F2 /* MenuViewController.swift in Sources */ = {isa = PBXBuildFile; fileRef = 3904B2FC2292A796004236F2 /* MenuViewController.swift */; };
		3904B3072292A876004236F2 /* MyImageView.swift in Sources */ = {isa = PBXBuildFile; fileRef = 3904B3052292A876004236F2 /* MyImageView.swift */; };
		3904B3082292A876004236F2 /* MyImageView.xib in Resources */ = {isa = PBXBuildFile; fileRef = 3904B3062292A876004236F2 /* MyImageView.xib */; };
		3904C7652282DC9000D3D057 /* AppDelegate.swift in Sources */ = {isa = PBXBuildFile; fileRef = 3904C7642282DC9000D3D057 /* AppDelegate.swift */; };
		3904C7672282DC9000D3D057 /* ViewController.swift in Sources */ = {isa = PBXBuildFile; fileRef = 3904C7662282DC9000D3D057 /* ViewController.swift */; };
		3904C76A2282DC9000D3D057 /* Main.storyboard in Resources */ = {isa = PBXBuildFile; fileRef = 3904C7682282DC9000D3D057 /* Main.storyboard */; };
		3904C76C2282DC9300D3D057 /* Assets.xcassets in Resources */ = {isa = PBXBuildFile; fileRef = 3904C76B2282DC9300D3D057 /* Assets.xcassets */; };
		3904C76F2282DC9300D3D057 /* LaunchScreen.storyboard in Resources */ = {isa = PBXBuildFile; fileRef = 3904C76D2282DC9300D3D057 /* LaunchScreen.storyboard */; };
		3904C77A2282DC9300D3D057 /* TakePhotoManagerTests.swift in Sources */ = {isa = PBXBuildFile; fileRef = 3904C7792282DC9300D3D057 /* TakePhotoManagerTests.swift */; };
		3904C7852282DC9300D3D057 /* TakePhotoManagerUITests.swift in Sources */ = {isa = PBXBuildFile; fileRef = 3904C7842282DC9300D3D057 /* TakePhotoManagerUITests.swift */; };
		3904C79B2282DCD400D3D057 /* CropImageViewController.swift in Sources */ = {isa = PBXBuildFile; fileRef = 3904C7932282DCD400D3D057 /* CropImageViewController.swift */; };
		3904C79C2282DCD400D3D057 /* UIImage+Extension.swift in Sources */ = {isa = PBXBuildFile; fileRef = 3904C7942282DCD400D3D057 /* UIImage+Extension.swift */; };
		3904C79D2282DCD400D3D057 /* PreviewImageController.swift in Sources */ = {isa = PBXBuildFile; fileRef = 3904C7952282DCD400D3D057 /* PreviewImageController.swift */; };
		3904C79E2282DCD400D3D057 /* TakePhotoManager.swift in Sources */ = {isa = PBXBuildFile; fileRef = 3904C7962282DCD400D3D057 /* TakePhotoManager.swift */; };
		3904C79F2282DCD400D3D057 /* CameraManager.swift in Sources */ = {isa = PBXBuildFile; fileRef = 3904C7972282DCD400D3D057 /* CameraManager.swift */; };
		3904C7A02282DCD400D3D057 /* TakePhotoManager.xib in Resources */ = {isa = PBXBuildFile; fileRef = 3904C7982282DCD400D3D057 /* TakePhotoManager.xib */; };
		3904C7A12282DCD400D3D057 /* CropImageViewController.xib in Resources */ = {isa = PBXBuildFile; fileRef = 3904C7992282DCD400D3D057 /* CropImageViewController.xib */; };
		3904C7A22282DCD400D3D057 /* PreviewImageController.xib in Resources */ = {isa = PBXBuildFile; fileRef = 3904C79A2282DCD400D3D057 /* PreviewImageController.xib */; };
		390982C123332C5B006F2697 /* SendMessageView.swift in Sources */ = {isa = PBXBuildFile; fileRef = 390982BF23332C5B006F2697 /* SendMessageView.swift */; };
		390982C223332C5B006F2697 /* SendMessageView.xib in Resources */ = {isa = PBXBuildFile; fileRef = 390982C023332C5B006F2697 /* SendMessageView.xib */; };
		390982C423332C83006F2697 /* Chat.storyboard in Resources */ = {isa = PBXBuildFile; fileRef = 390982C323332C83006F2697 /* Chat.storyboard */; };
		390982C623332CF5006F2697 /* ChatVC.swift in Sources */ = {isa = PBXBuildFile; fileRef = 390982C523332CF5006F2697 /* ChatVC.swift */; };
		390982CD23332D0E006F2697 /* ChatLeftTVCell.xib in Resources */ = {isa = PBXBuildFile; fileRef = 390982C923332D0E006F2697 /* ChatLeftTVCell.xib */; };
		390982CE23332D0E006F2697 /* ChatRightTVCell.xib in Resources */ = {isa = PBXBuildFile; fileRef = 390982CA23332D0E006F2697 /* ChatRightTVCell.xib */; };
		390982CF23332D0E006F2697 /* ChatRightTVCell.swift in Sources */ = {isa = PBXBuildFile; fileRef = 390982CB23332D0E006F2697 /* ChatRightTVCell.swift */; };
		390982D023332D0E006F2697 /* ChatLeftTVCell.swift in Sources */ = {isa = PBXBuildFile; fileRef = 390982CC23332D0E006F2697 /* ChatLeftTVCell.swift */; };
		390982D3233337AF006F2697 /* ListGroupViewController.swift in Sources */ = {isa = PBXBuildFile; fileRef = 390982D2233337AF006F2697 /* ListGroupViewController.swift */; };
		390982D623333809006F2697 /* ListGroupTableViewCell.swift in Sources */ = {isa = PBXBuildFile; fileRef = 390982D423333809006F2697 /* ListGroupTableViewCell.swift */; };
		390982D723333809006F2697 /* ListGroupTableViewCell.xib in Resources */ = {isa = PBXBuildFile; fileRef = 390982D523333809006F2697 /* ListGroupTableViewCell.xib */; };
		390C819622AA7850005799FE /* TamOcViewController.swift in Sources */ = {isa = PBXBuildFile; fileRef = 390C819522AA7850005799FE /* TamOcViewController.swift */; };
		390C819A22AA78ED005799FE /* TamOcCollectionViewCell.swift in Sources */ = {isa = PBXBuildFile; fileRef = 390C819822AA78ED005799FE /* TamOcCollectionViewCell.swift */; };
		390C819B22AA78ED005799FE /* TamOcCollectionViewCell.xib in Resources */ = {isa = PBXBuildFile; fileRef = 390C819922AA78ED005799FE /* TamOcCollectionViewCell.xib */; };
		39136AEF22C1BDEB00D942B8 /* AttachmentHandler.swift in Sources */ = {isa = PBXBuildFile; fileRef = 39136AEE22C1BDEB00D942B8 /* AttachmentHandler.swift */; };
		39159801228D689600152279 /* UILabelX.swift in Sources */ = {isa = PBXBuildFile; fileRef = 391597EB228D689400152279 /* UILabelX.swift */; };
		39159802228D689600152279 /* UIBarButtonItem+Extension.swift in Sources */ = {isa = PBXBuildFile; fileRef = 391597EC228D689400152279 /* UIBarButtonItem+Extension.swift */; };
		39159803228D689600152279 /* UIViewXRadialGradient.swift in Sources */ = {isa = PBXBuildFile; fileRef = 391597ED228D689400152279 /* UIViewXRadialGradient.swift */; };
		39159804228D689600152279 /* UIWindow+Extension.swift in Sources */ = {isa = PBXBuildFile; fileRef = 391597EE228D689400152279 /* UIWindow+Extension.swift */; };
		39159805228D689600152279 /* UITextFieldX.swift in Sources */ = {isa = PBXBuildFile; fileRef = 391597EF228D689400152279 /* UITextFieldX.swift */; };
		39159806228D689600152279 /* UIScreen+Extension.swift in Sources */ = {isa = PBXBuildFile; fileRef = 391597F0228D689400152279 /* UIScreen+Extension.swift */; };
		39159807228D689600152279 /* UISliderX.swift in Sources */ = {isa = PBXBuildFile; fileRef = 391597F1228D689400152279 /* UISliderX.swift */; };
		39159808228D689600152279 /* UIViewX.swift in Sources */ = {isa = PBXBuildFile; fileRef = 391597F2228D689500152279 /* UIViewX.swift */; };
		39159809228D689600152279 /* UIViewAnchorPoint.swift in Sources */ = {isa = PBXBuildFile; fileRef = 391597F3228D689500152279 /* UIViewAnchorPoint.swift */; };
		3915980A228D689600152279 /* UIStoryboard+Extension.swift in Sources */ = {isa = PBXBuildFile; fileRef = 391597F4228D689500152279 /* UIStoryboard+Extension.swift */; };
		3915980B228D689600152279 /* ViewBase.swift in Sources */ = {isa = PBXBuildFile; fileRef = 391597F5228D689500152279 /* ViewBase.swift */; };
		3915980C228D689600152279 /* UINavigation+Extension.swift in Sources */ = {isa = PBXBuildFile; fileRef = 391597F6228D689500152279 /* UINavigation+Extension.swift */; };
		3915980D228D689600152279 /* BadgeButton+Extension.swift in Sources */ = {isa = PBXBuildFile; fileRef = 391597F7228D689500152279 /* BadgeButton+Extension.swift */; };
		3915980E228D689600152279 /* UIButtonX.swift in Sources */ = {isa = PBXBuildFile; fileRef = 391597F8228D689500152279 /* UIButtonX.swift */; };
		3915980F228D689600152279 /* UIColor+Extension.swift in Sources */ = {isa = PBXBuildFile; fileRef = 391597F9228D689500152279 /* UIColor+Extension.swift */; };
		39159810228D689600152279 /* UITextViewX.swift in Sources */ = {isa = PBXBuildFile; fileRef = 391597FA228D689500152279 /* UITextViewX.swift */; };
		39159811228D689600152279 /* UIViewControllerX.swift in Sources */ = {isa = PBXBuildFile; fileRef = 391597FB228D689500152279 /* UIViewControllerX.swift */; };
		39159812228D689600152279 /* Double+Extension.swift in Sources */ = {isa = PBXBuildFile; fileRef = 391597FC228D689500152279 /* Double+Extension.swift */; };
		39159813228D689600152279 /* String+Extension.swift in Sources */ = {isa = PBXBuildFile; fileRef = 391597FD228D689600152279 /* String+Extension.swift */; };
		39159814228D689600152279 /* UIImageViewX.swift in Sources */ = {isa = PBXBuildFile; fileRef = 391597FE228D689600152279 /* UIImageViewX.swift */; };
		39159815228D689600152279 /* Date-Helper.swift in Sources */ = {isa = PBXBuildFile; fileRef = 391597FF228D689600152279 /* Date-Helper.swift */; };
		39159816228D689600152279 /* UIVisualEffectViewX.swift in Sources */ = {isa = PBXBuildFile; fileRef = 39159800228D689600152279 /* UIVisualEffectViewX.swift */; };
		391B3E2022E0331A0015DA61 /* FloatingButtonWindow.swift in Sources */ = {isa = PBXBuildFile; fileRef = 391B3E1F22E0331A0015DA61 /* FloatingButtonWindow.swift */; };
		392828D723176CB3007DADD0 /* AccountKitHelper.swift in Sources */ = {isa = PBXBuildFile; fileRef = 392828D623176CB3007DADD0 /* AccountKitHelper.swift */; };
		39320FFF2293944400C09DE0 /* NotiRouter.swift in Sources */ = {isa = PBXBuildFile; fileRef = 39320FFB2293944400C09DE0 /* NotiRouter.swift */; };
		393210002293944400C09DE0 /* SwiftDecoder.swift in Sources */ = {isa = PBXBuildFile; fileRef = 39320FFC2293944400C09DE0 /* SwiftDecoder.swift */; };
		393210012293944400C09DE0 /* NetworkManager.swift in Sources */ = {isa = PBXBuildFile; fileRef = 39320FFD2293944400C09DE0 /* NetworkManager.swift */; };
		393210022293944400C09DE0 /* BaseAPI.swift in Sources */ = {isa = PBXBuildFile; fileRef = 39320FFE2293944400C09DE0 /* BaseAPI.swift */; };
		393210052293952E00C09DE0 /* NotiModel.swift in Sources */ = {isa = PBXBuildFile; fileRef = 393210042293952D00C09DE0 /* NotiModel.swift */; };
		393210072293955000C09DE0 /* DataModel.swift in Sources */ = {isa = PBXBuildFile; fileRef = 393210062293955000C09DE0 /* DataModel.swift */; };
		3932100D2293992F00C09DE0 /* MyAlertController.swift in Sources */ = {isa = PBXBuildFile; fileRef = 393210092293992F00C09DE0 /* MyAlertController.swift */; };
		3932100E2293992F00C09DE0 /* LimoAlertView.swift in Sources */ = {isa = PBXBuildFile; fileRef = 3932100A2293992F00C09DE0 /* LimoAlertView.swift */; };
		3932100F2293992F00C09DE0 /* SCLAlertView.swift in Sources */ = {isa = PBXBuildFile; fileRef = 3932100B2293992F00C09DE0 /* SCLAlertView.swift */; };
		393210102293992F00C09DE0 /* SCLExtensions.swift in Sources */ = {isa = PBXBuildFile; fileRef = 3932100C2293992F00C09DE0 /* SCLExtensions.swift */; };
		3932101322939E6800C09DE0 /* ListItemViewController.xib in Resources */ = {isa = PBXBuildFile; fileRef = 3932101122939E6800C09DE0 /* ListItemViewController.xib */; };
		3932101422939E6800C09DE0 /* ListItemViewController.swift in Sources */ = {isa = PBXBuildFile; fileRef = 3932101222939E6800C09DE0 /* ListItemViewController.swift */; };
		3932101D22939EFE00C09DE0 /* EmptyView.xib in Resources */ = {isa = PBXBuildFile; fileRef = 3932101622939EFE00C09DE0 /* EmptyView.xib */; };
		3932101E22939EFE00C09DE0 /* EmptyView.swift in Sources */ = {isa = PBXBuildFile; fileRef = 3932101722939EFE00C09DE0 /* EmptyView.swift */; };
		3932101F22939EFE00C09DE0 /* LoadMoreView.xib in Resources */ = {isa = PBXBuildFile; fileRef = 3932101822939EFE00C09DE0 /* LoadMoreView.xib */; };
		3932102022939EFE00C09DE0 /* MyTableViewCell.swift in Sources */ = {isa = PBXBuildFile; fileRef = 3932101922939EFE00C09DE0 /* MyTableViewCell.swift */; };
		3932102122939EFE00C09DE0 /* LoadMoreView.swift in Sources */ = {isa = PBXBuildFile; fileRef = 3932101A22939EFE00C09DE0 /* LoadMoreView.swift */; };
		3932102222939EFE00C09DE0 /* MyTableView.swift in Sources */ = {isa = PBXBuildFile; fileRef = 3932101B22939EFE00C09DE0 /* MyTableView.swift */; };
		3932102322939EFE00C09DE0 /* UIScrollView-Helper.swift in Sources */ = {isa = PBXBuildFile; fileRef = 3932101C22939EFE00C09DE0 /* UIScrollView-Helper.swift */; };
		3932102822939F0D00C09DE0 /* MyCollectionView.swift in Sources */ = {isa = PBXBuildFile; fileRef = 3932102522939F0D00C09DE0 /* MyCollectionView.swift */; };
		3932102922939F0D00C09DE0 /* FooterLoadMoreView.xib in Resources */ = {isa = PBXBuildFile; fileRef = 3932102622939F0D00C09DE0 /* FooterLoadMoreView.xib */; };
		3932102A22939F0D00C09DE0 /* FooterLoadMoreView.swift in Sources */ = {isa = PBXBuildFile; fileRef = 3932102722939F0D00C09DE0 /* FooterLoadMoreView.swift */; };
		3932102F22939F6000C09DE0 /* PhotoGallery.swift in Sources */ = {isa = PBXBuildFile; fileRef = 3932102C22939F6000C09DE0 /* PhotoGallery.swift */; };
		3932103022939F6000C09DE0 /* PhotoGalleryCollectionViewCell.swift in Sources */ = {isa = PBXBuildFile; fileRef = 3932102D22939F6000C09DE0 /* PhotoGalleryCollectionViewCell.swift */; };
		3932103122939F6000C09DE0 /* PanDirectionGestureRecognizer.swift in Sources */ = {isa = PBXBuildFile; fileRef = 3932102E22939F6000C09DE0 /* PanDirectionGestureRecognizer.swift */; };
		393210342293A0DE00C09DE0 /* ListItemViewCell.xib in Resources */ = {isa = PBXBuildFile; fileRef = 393210322293A0DE00C09DE0 /* ListItemViewCell.xib */; };
		393210352293A0DE00C09DE0 /* ListItemViewCell.swift in Sources */ = {isa = PBXBuildFile; fileRef = 393210332293A0DE00C09DE0 /* ListItemViewCell.swift */; };
		393210382293AB3C00C09DE0 /* ChildViewController.swift in Sources */ = {isa = PBXBuildFile; fileRef = 393210372293AB3C00C09DE0 /* ChildViewController.swift */; };
		3932103B2293B13F00C09DE0 /* GalleryViewController.swift in Sources */ = {isa = PBXBuildFile; fileRef = 3932103A2293B13F00C09DE0 /* GalleryViewController.swift */; };
		3932103F2293B22000C09DE0 /* 1.jpg in Resources */ = {isa = PBXBuildFile; fileRef = 3932103C2293B21F00C09DE0 /* 1.jpg */; };
		393210402293B22000C09DE0 /* 2.jpg in Resources */ = {isa = PBXBuildFile; fileRef = 3932103D2293B22000C09DE0 /* 2.jpg */; };
		393210412293B22000C09DE0 /* 3.jpg in Resources */ = {isa = PBXBuildFile; fileRef = 3932103E2293B22000C09DE0 /* 3.jpg */; };
		393210472293BBE000C09DE0 /* 5.jpg in Resources */ = {isa = PBXBuildFile; fileRef = 393210432293BBDF00C09DE0 /* 5.jpg */; };
		393210482293BBE000C09DE0 /* 6.jpg in Resources */ = {isa = PBXBuildFile; fileRef = 393210442293BBDF00C09DE0 /* 6.jpg */; };
		393210492293BBE000C09DE0 /* 7.jpg in Resources */ = {isa = PBXBuildFile; fileRef = 393210452293BBE000C09DE0 /* 7.jpg */; };
		3932104A2293BBE000C09DE0 /* 4.jpg in Resources */ = {isa = PBXBuildFile; fileRef = 393210462293BBE000C09DE0 /* 4.jpg */; };
		393210522293BC4A00C09DE0 /* 8.jpg in Resources */ = {isa = PBXBuildFile; fileRef = 3932104B2293BC4700C09DE0 /* 8.jpg */; };
		393210532293BC4A00C09DE0 /* 13.jpg in Resources */ = {isa = PBXBuildFile; fileRef = 3932104C2293BC4800C09DE0 /* 13.jpg */; };
		393210542293BC4A00C09DE0 /* 12.jpg in Resources */ = {isa = PBXBuildFile; fileRef = 3932104D2293BC4800C09DE0 /* 12.jpg */; };
		393210552293BC4A00C09DE0 /* 9.jpg in Resources */ = {isa = PBXBuildFile; fileRef = 3932104E2293BC4900C09DE0 /* 9.jpg */; };
		393210562293BC4A00C09DE0 /* 14.jpg in Resources */ = {isa = PBXBuildFile; fileRef = 3932104F2293BC4900C09DE0 /* 14.jpg */; };
		393210572293BC4A00C09DE0 /* 11.jpg in Resources */ = {isa = PBXBuildFile; fileRef = 393210502293BC4A00C09DE0 /* 11.jpg */; };
		393210582293BC4A00C09DE0 /* 10.jpg in Resources */ = {isa = PBXBuildFile; fileRef = 393210512293BC4A00C09DE0 /* 10.jpg */; };
		3993B8F7233481A700174C96 /* OEUHeaderView.swift in Sources */ = {isa = PBXBuildFile; fileRef = 3993B8F5233481A700174C96 /* OEUHeaderView.swift */; };
		3993B8F8233481A700174C96 /* OEUHeaderView.xib in Resources */ = {isa = PBXBuildFile; fileRef = 3993B8F6233481A700174C96 /* OEUHeaderView.xib */; };
		3993B8FB2334AABE00174C96 /* ListVideoViewController.swift in Sources */ = {isa = PBXBuildFile; fileRef = 3993B8FA2334AABE00174C96 /* ListVideoViewController.swift */; };
		3993B90F2334C7A200174C96 /* ASVideoLayerObject.swift in Sources */ = {isa = PBXBuildFile; fileRef = 3993B90C2334C7A200174C96 /* ASVideoLayerObject.swift */; };
		3993B9102334C7A200174C96 /* ASVideoPlayerController.swift in Sources */ = {isa = PBXBuildFile; fileRef = 3993B90D2334C7A200174C96 /* ASVideoPlayerController.swift */; };
		3993B9112334C7A200174C96 /* ASVideoContainer.swift in Sources */ = {isa = PBXBuildFile; fileRef = 3993B90E2334C7A200174C96 /* ASVideoContainer.swift */; };
		3993B9162334C7BA00174C96 /* AppUtilities.swift in Sources */ = {isa = PBXBuildFile; fileRef = 3993B9122334C7B900174C96 /* AppUtilities.swift */; };
		3993B9172334C7BA00174C96 /* ShotTableViewCell.swift in Sources */ = {isa = PBXBuildFile; fileRef = 3993B9132334C7B900174C96 /* ShotTableViewCell.swift */; };
		3993B9182334C7BA00174C96 /* AppImageView.swift in Sources */ = {isa = PBXBuildFile; fileRef = 3993B9142334C7B900174C96 /* AppImageView.swift */; };
		3993B9192334C7BA00174C96 /* ShotTableViewCell.xib in Resources */ = {isa = PBXBuildFile; fileRef = 3993B9152334C7BA00174C96 /* ShotTableViewCell.xib */; };
/* End PBXBuildFile section */

/* Begin PBXContainerItemProxy section */
		3904C7762282DC9300D3D057 /* PBXContainerItemProxy */ = {
			isa = PBXContainerItemProxy;
			containerPortal = 3904C7592282DC9000D3D057 /* Project object */;
			proxyType = 1;
			remoteGlobalIDString = 3904C7602282DC9000D3D057;
			remoteInfo = TakePhotoManager;
		};
		3904C7812282DC9300D3D057 /* PBXContainerItemProxy */ = {
			isa = PBXContainerItemProxy;
			containerPortal = 3904C7592282DC9000D3D057 /* Project object */;
			proxyType = 1;
			remoteGlobalIDString = 3904C7602282DC9000D3D057;
			remoteInfo = TakePhotoManager;
		};
/* End PBXContainerItemProxy section */

/* Begin PBXFileReference section */
		182E7BC2DD1BBC8812B4FC43 /* Pods-TakePhotoManager.debug.xcconfig */ = {isa = PBXFileReference; includeInIndex = 1; lastKnownFileType = text.xcconfig; name = "Pods-TakePhotoManager.debug.xcconfig"; path = "Target Support Files/Pods-TakePhotoManager/Pods-TakePhotoManager.debug.xcconfig"; sourceTree = "<group>"; };
		3904B2CF2292960C004236F2 /* TagItemLayout.swift */ = {isa = PBXFileReference; fileEncoding = 4; lastKnownFileType = sourcecode.swift; path = TagItemLayout.swift; sourceTree = "<group>"; };
		3904B2D02292960C004236F2 /* HashTagListViewController.swift */ = {isa = PBXFileReference; fileEncoding = 4; lastKnownFileType = sourcecode.swift; path = HashTagListViewController.swift; sourceTree = "<group>"; };
		3904B2D12292960C004236F2 /* TagViewCell.xib */ = {isa = PBXFileReference; fileEncoding = 4; lastKnownFileType = file.xib; path = TagViewCell.xib; sourceTree = "<group>"; };
		3904B2D22292960C004236F2 /* TagView.swift */ = {isa = PBXFileReference; fileEncoding = 4; lastKnownFileType = sourcecode.swift; path = TagView.swift; sourceTree = "<group>"; };
		3904B2D32292960C004236F2 /* HashTagListViewController.xib */ = {isa = PBXFileReference; fileEncoding = 4; lastKnownFileType = file.xib; path = HashTagListViewController.xib; sourceTree = "<group>"; };
		3904B2D42292960C004236F2 /* TagViewCell.swift */ = {isa = PBXFileReference; fileEncoding = 4; lastKnownFileType = sourcecode.swift; path = TagViewCell.swift; sourceTree = "<group>"; };
		3904B2D52292960C004236F2 /* TagView.xib */ = {isa = PBXFileReference; fileEncoding = 4; lastKnownFileType = file.xib; path = TagView.xib; sourceTree = "<group>"; };
		3904B2DD22929A4E004236F2 /* MainViewController.swift */ = {isa = PBXFileReference; lastKnownFileType = sourcecode.swift; path = MainViewController.swift; sourceTree = "<group>"; };
		3904B2DF2292A37B004236F2 /* FeedCollectionViewLayout.swift */ = {isa = PBXFileReference; fileEncoding = 4; lastKnownFileType = sourcecode.swift; path = FeedCollectionViewLayout.swift; sourceTree = "<group>"; };
		3904B2E02292A37B004236F2 /* BaseViewController.swift */ = {isa = PBXFileReference; fileEncoding = 4; lastKnownFileType = sourcecode.swift; path = BaseViewController.swift; sourceTree = "<group>"; };
		3904B2E12292A37B004236F2 /* BaseTableViewCell.swift */ = {isa = PBXFileReference; fileEncoding = 4; lastKnownFileType = sourcecode.swift; path = BaseTableViewCell.swift; sourceTree = "<group>"; };
		3904B2E22292A37B004236F2 /* BaseCollectionView.swift */ = {isa = PBXFileReference; fileEncoding = 4; lastKnownFileType = sourcecode.swift; path = BaseCollectionView.swift; sourceTree = "<group>"; };
		3904B2EA2292A6B2004236F2 /* AppColor.swift */ = {isa = PBXFileReference; fileEncoding = 4; lastKnownFileType = sourcecode.swift; path = AppColor.swift; sourceTree = "<group>"; };
		3904B2EB2292A6B2004236F2 /* LoadingHelper.swift */ = {isa = PBXFileReference; fileEncoding = 4; lastKnownFileType = sourcecode.swift; path = LoadingHelper.swift; sourceTree = "<group>"; };
		3904B2EC2292A6B2004236F2 /* AppKey.swift */ = {isa = PBXFileReference; fileEncoding = 4; lastKnownFileType = sourcecode.swift; path = AppKey.swift; sourceTree = "<group>"; };
		3904B2ED2292A6B2004236F2 /* SettingsApp.swift */ = {isa = PBXFileReference; fileEncoding = 4; lastKnownFileType = sourcecode.swift; path = SettingsApp.swift; sourceTree = "<group>"; };
		3904B2EE2292A6B2004236F2 /* AppFont.swift */ = {isa = PBXFileReference; fileEncoding = 4; lastKnownFileType = sourcecode.swift; path = AppFont.swift; sourceTree = "<group>"; };
		3904B2F62292A796004236F2 /* MenuTableViewCell.xib */ = {isa = PBXFileReference; fileEncoding = 4; lastKnownFileType = file.xib; path = MenuTableViewCell.xib; sourceTree = "<group>"; };
		3904B2F72292A796004236F2 /* MenuHelper.swift */ = {isa = PBXFileReference; fileEncoding = 4; lastKnownFileType = sourcecode.swift; path = MenuHelper.swift; sourceTree = "<group>"; };
		3904B2F82292A796004236F2 /* MenuTableViewCell.swift */ = {isa = PBXFileReference; fileEncoding = 4; lastKnownFileType = sourcecode.swift; path = MenuTableViewCell.swift; sourceTree = "<group>"; };
		3904B2F92292A796004236F2 /* MenuViewController.xib */ = {isa = PBXFileReference; fileEncoding = 4; lastKnownFileType = file.xib; path = MenuViewController.xib; sourceTree = "<group>"; };
		3904B2FA2292A796004236F2 /* DismissMenuAnimator.swift */ = {isa = PBXFileReference; fileEncoding = 4; lastKnownFileType = sourcecode.swift; path = DismissMenuAnimator.swift; sourceTree = "<group>"; };
		3904B2FB2292A796004236F2 /* PresentMenuAnimator.swift */ = {isa = PBXFileReference; fileEncoding = 4; lastKnownFileType = sourcecode.swift; path = PresentMenuAnimator.swift; sourceTree = "<group>"; };
		3904B2FC2292A796004236F2 /* MenuViewController.swift */ = {isa = PBXFileReference; fileEncoding = 4; lastKnownFileType = sourcecode.swift; path = MenuViewController.swift; sourceTree = "<group>"; };
		3904B3052292A876004236F2 /* MyImageView.swift */ = {isa = PBXFileReference; fileEncoding = 4; lastKnownFileType = sourcecode.swift; path = MyImageView.swift; sourceTree = "<group>"; };
		3904B3062292A876004236F2 /* MyImageView.xib */ = {isa = PBXFileReference; fileEncoding = 4; lastKnownFileType = file.xib; path = MyImageView.xib; sourceTree = "<group>"; };
		3904C7612282DC9000D3D057 /* TakePhotoManager.app */ = {isa = PBXFileReference; explicitFileType = wrapper.application; includeInIndex = 0; path = TakePhotoManager.app; sourceTree = BUILT_PRODUCTS_DIR; };
		3904C7642282DC9000D3D057 /* AppDelegate.swift */ = {isa = PBXFileReference; lastKnownFileType = sourcecode.swift; path = AppDelegate.swift; sourceTree = "<group>"; };
		3904C7662282DC9000D3D057 /* ViewController.swift */ = {isa = PBXFileReference; lastKnownFileType = sourcecode.swift; path = ViewController.swift; sourceTree = "<group>"; };
		3904C7692282DC9000D3D057 /* Base */ = {isa = PBXFileReference; lastKnownFileType = file.storyboard; name = Base; path = Base.lproj/Main.storyboard; sourceTree = "<group>"; };
		3904C76B2282DC9300D3D057 /* Assets.xcassets */ = {isa = PBXFileReference; lastKnownFileType = folder.assetcatalog; path = Assets.xcassets; sourceTree = "<group>"; };
		3904C76E2282DC9300D3D057 /* Base */ = {isa = PBXFileReference; lastKnownFileType = file.storyboard; name = Base; path = Base.lproj/LaunchScreen.storyboard; sourceTree = "<group>"; };
		3904C7702282DC9300D3D057 /* Info.plist */ = {isa = PBXFileReference; lastKnownFileType = text.plist.xml; path = Info.plist; sourceTree = "<group>"; };
		3904C7752282DC9300D3D057 /* TakePhotoManagerTests.xctest */ = {isa = PBXFileReference; explicitFileType = wrapper.cfbundle; includeInIndex = 0; path = TakePhotoManagerTests.xctest; sourceTree = BUILT_PRODUCTS_DIR; };
		3904C7792282DC9300D3D057 /* TakePhotoManagerTests.swift */ = {isa = PBXFileReference; lastKnownFileType = sourcecode.swift; path = TakePhotoManagerTests.swift; sourceTree = "<group>"; };
		3904C77B2282DC9300D3D057 /* Info.plist */ = {isa = PBXFileReference; lastKnownFileType = text.plist.xml; path = Info.plist; sourceTree = "<group>"; };
		3904C7802282DC9300D3D057 /* TakePhotoManagerUITests.xctest */ = {isa = PBXFileReference; explicitFileType = wrapper.cfbundle; includeInIndex = 0; path = TakePhotoManagerUITests.xctest; sourceTree = BUILT_PRODUCTS_DIR; };
		3904C7842282DC9300D3D057 /* TakePhotoManagerUITests.swift */ = {isa = PBXFileReference; lastKnownFileType = sourcecode.swift; path = TakePhotoManagerUITests.swift; sourceTree = "<group>"; };
		3904C7862282DC9300D3D057 /* Info.plist */ = {isa = PBXFileReference; lastKnownFileType = text.plist.xml; path = Info.plist; sourceTree = "<group>"; };
		3904C7932282DCD400D3D057 /* CropImageViewController.swift */ = {isa = PBXFileReference; fileEncoding = 4; lastKnownFileType = sourcecode.swift; path = CropImageViewController.swift; sourceTree = "<group>"; };
		3904C7942282DCD400D3D057 /* UIImage+Extension.swift */ = {isa = PBXFileReference; fileEncoding = 4; lastKnownFileType = sourcecode.swift; path = "UIImage+Extension.swift"; sourceTree = "<group>"; };
		3904C7952282DCD400D3D057 /* PreviewImageController.swift */ = {isa = PBXFileReference; fileEncoding = 4; lastKnownFileType = sourcecode.swift; path = PreviewImageController.swift; sourceTree = "<group>"; };
		3904C7962282DCD400D3D057 /* TakePhotoManager.swift */ = {isa = PBXFileReference; fileEncoding = 4; lastKnownFileType = sourcecode.swift; path = TakePhotoManager.swift; sourceTree = "<group>"; };
		3904C7972282DCD400D3D057 /* CameraManager.swift */ = {isa = PBXFileReference; fileEncoding = 4; lastKnownFileType = sourcecode.swift; path = CameraManager.swift; sourceTree = "<group>"; };
		3904C7982282DCD400D3D057 /* TakePhotoManager.xib */ = {isa = PBXFileReference; fileEncoding = 4; lastKnownFileType = file.xib; path = TakePhotoManager.xib; sourceTree = "<group>"; };
		3904C7992282DCD400D3D057 /* CropImageViewController.xib */ = {isa = PBXFileReference; fileEncoding = 4; lastKnownFileType = file.xib; path = CropImageViewController.xib; sourceTree = "<group>"; };
		3904C79A2282DCD400D3D057 /* PreviewImageController.xib */ = {isa = PBXFileReference; fileEncoding = 4; lastKnownFileType = file.xib; path = PreviewImageController.xib; sourceTree = "<group>"; };
		390982BF23332C5B006F2697 /* SendMessageView.swift */ = {isa = PBXFileReference; fileEncoding = 4; lastKnownFileType = sourcecode.swift; path = SendMessageView.swift; sourceTree = "<group>"; };
		390982C023332C5B006F2697 /* SendMessageView.xib */ = {isa = PBXFileReference; fileEncoding = 4; lastKnownFileType = file.xib; path = SendMessageView.xib; sourceTree = "<group>"; };
		390982C323332C83006F2697 /* Chat.storyboard */ = {isa = PBXFileReference; lastKnownFileType = file.storyboard; path = Chat.storyboard; sourceTree = "<group>"; };
		390982C523332CF5006F2697 /* ChatVC.swift */ = {isa = PBXFileReference; fileEncoding = 4; lastKnownFileType = sourcecode.swift; path = ChatVC.swift; sourceTree = "<group>"; };
		390982C923332D0E006F2697 /* ChatLeftTVCell.xib */ = {isa = PBXFileReference; fileEncoding = 4; lastKnownFileType = file.xib; path = ChatLeftTVCell.xib; sourceTree = "<group>"; };
		390982CA23332D0E006F2697 /* ChatRightTVCell.xib */ = {isa = PBXFileReference; fileEncoding = 4; lastKnownFileType = file.xib; path = ChatRightTVCell.xib; sourceTree = "<group>"; };
		390982CB23332D0E006F2697 /* ChatRightTVCell.swift */ = {isa = PBXFileReference; fileEncoding = 4; lastKnownFileType = sourcecode.swift; path = ChatRightTVCell.swift; sourceTree = "<group>"; };
		390982CC23332D0E006F2697 /* ChatLeftTVCell.swift */ = {isa = PBXFileReference; fileEncoding = 4; lastKnownFileType = sourcecode.swift; path = ChatLeftTVCell.swift; sourceTree = "<group>"; };
		390982D2233337AF006F2697 /* ListGroupViewController.swift */ = {isa = PBXFileReference; lastKnownFileType = sourcecode.swift; path = ListGroupViewController.swift; sourceTree = "<group>"; };
		390982D423333809006F2697 /* ListGroupTableViewCell.swift */ = {isa = PBXFileReference; lastKnownFileType = sourcecode.swift; path = ListGroupTableViewCell.swift; sourceTree = "<group>"; };
		390982D523333809006F2697 /* ListGroupTableViewCell.xib */ = {isa = PBXFileReference; lastKnownFileType = file.xib; path = ListGroupTableViewCell.xib; sourceTree = "<group>"; };
		390C819522AA7850005799FE /* TamOcViewController.swift */ = {isa = PBXFileReference; lastKnownFileType = sourcecode.swift; path = TamOcViewController.swift; sourceTree = "<group>"; };
		390C819822AA78ED005799FE /* TamOcCollectionViewCell.swift */ = {isa = PBXFileReference; lastKnownFileType = sourcecode.swift; path = TamOcCollectionViewCell.swift; sourceTree = "<group>"; };
		390C819922AA78ED005799FE /* TamOcCollectionViewCell.xib */ = {isa = PBXFileReference; lastKnownFileType = file.xib; path = TamOcCollectionViewCell.xib; sourceTree = "<group>"; };
		39136AEE22C1BDEB00D942B8 /* AttachmentHandler.swift */ = {isa = PBXFileReference; fileEncoding = 4; lastKnownFileType = sourcecode.swift; path = AttachmentHandler.swift; sourceTree = "<group>"; };
		391597EB228D689400152279 /* UILabelX.swift */ = {isa = PBXFileReference; fileEncoding = 4; lastKnownFileType = sourcecode.swift; path = UILabelX.swift; sourceTree = "<group>"; };
		391597EC228D689400152279 /* UIBarButtonItem+Extension.swift */ = {isa = PBXFileReference; fileEncoding = 4; lastKnownFileType = sourcecode.swift; path = "UIBarButtonItem+Extension.swift"; sourceTree = "<group>"; };
		391597ED228D689400152279 /* UIViewXRadialGradient.swift */ = {isa = PBXFileReference; fileEncoding = 4; lastKnownFileType = sourcecode.swift; path = UIViewXRadialGradient.swift; sourceTree = "<group>"; };
		391597EE228D689400152279 /* UIWindow+Extension.swift */ = {isa = PBXFileReference; fileEncoding = 4; lastKnownFileType = sourcecode.swift; path = "UIWindow+Extension.swift"; sourceTree = "<group>"; };
		391597EF228D689400152279 /* UITextFieldX.swift */ = {isa = PBXFileReference; fileEncoding = 4; lastKnownFileType = sourcecode.swift; path = UITextFieldX.swift; sourceTree = "<group>"; };
		391597F0228D689400152279 /* UIScreen+Extension.swift */ = {isa = PBXFileReference; fileEncoding = 4; lastKnownFileType = sourcecode.swift; path = "UIScreen+Extension.swift"; sourceTree = "<group>"; };
		391597F1228D689400152279 /* UISliderX.swift */ = {isa = PBXFileReference; fileEncoding = 4; lastKnownFileType = sourcecode.swift; path = UISliderX.swift; sourceTree = "<group>"; };
		391597F2228D689500152279 /* UIViewX.swift */ = {isa = PBXFileReference; fileEncoding = 4; lastKnownFileType = sourcecode.swift; path = UIViewX.swift; sourceTree = "<group>"; };
		391597F3228D689500152279 /* UIViewAnchorPoint.swift */ = {isa = PBXFileReference; fileEncoding = 4; lastKnownFileType = sourcecode.swift; path = UIViewAnchorPoint.swift; sourceTree = "<group>"; };
		391597F4228D689500152279 /* UIStoryboard+Extension.swift */ = {isa = PBXFileReference; fileEncoding = 4; lastKnownFileType = sourcecode.swift; path = "UIStoryboard+Extension.swift"; sourceTree = "<group>"; };
		391597F5228D689500152279 /* ViewBase.swift */ = {isa = PBXFileReference; fileEncoding = 4; lastKnownFileType = sourcecode.swift; path = ViewBase.swift; sourceTree = "<group>"; };
		391597F6228D689500152279 /* UINavigation+Extension.swift */ = {isa = PBXFileReference; fileEncoding = 4; lastKnownFileType = sourcecode.swift; path = "UINavigation+Extension.swift"; sourceTree = "<group>"; };
		391597F7228D689500152279 /* BadgeButton+Extension.swift */ = {isa = PBXFileReference; fileEncoding = 4; lastKnownFileType = sourcecode.swift; path = "BadgeButton+Extension.swift"; sourceTree = "<group>"; };
		391597F8228D689500152279 /* UIButtonX.swift */ = {isa = PBXFileReference; fileEncoding = 4; lastKnownFileType = sourcecode.swift; path = UIButtonX.swift; sourceTree = "<group>"; };
		391597F9228D689500152279 /* UIColor+Extension.swift */ = {isa = PBXFileReference; fileEncoding = 4; lastKnownFileType = sourcecode.swift; path = "UIColor+Extension.swift"; sourceTree = "<group>"; };
		391597FA228D689500152279 /* UITextViewX.swift */ = {isa = PBXFileReference; fileEncoding = 4; lastKnownFileType = sourcecode.swift; path = UITextViewX.swift; sourceTree = "<group>"; };
		391597FB228D689500152279 /* UIViewControllerX.swift */ = {isa = PBXFileReference; fileEncoding = 4; lastKnownFileType = sourcecode.swift; path = UIViewControllerX.swift; sourceTree = "<group>"; };
		391597FC228D689500152279 /* Double+Extension.swift */ = {isa = PBXFileReference; fileEncoding = 4; lastKnownFileType = sourcecode.swift; path = "Double+Extension.swift"; sourceTree = "<group>"; };
		391597FD228D689600152279 /* String+Extension.swift */ = {isa = PBXFileReference; fileEncoding = 4; lastKnownFileType = sourcecode.swift; path = "String+Extension.swift"; sourceTree = "<group>"; };
		391597FE228D689600152279 /* UIImageViewX.swift */ = {isa = PBXFileReference; fileEncoding = 4; lastKnownFileType = sourcecode.swift; path = UIImageViewX.swift; sourceTree = "<group>"; };
		391597FF228D689600152279 /* Date-Helper.swift */ = {isa = PBXFileReference; fileEncoding = 4; lastKnownFileType = sourcecode.swift; path = "Date-Helper.swift"; sourceTree = "<group>"; };
		39159800228D689600152279 /* UIVisualEffectViewX.swift */ = {isa = PBXFileReference; fileEncoding = 4; lastKnownFileType = sourcecode.swift; path = UIVisualEffectViewX.swift; sourceTree = "<group>"; };
		391B3E1F22E0331A0015DA61 /* FloatingButtonWindow.swift */ = {isa = PBXFileReference; fileEncoding = 4; lastKnownFileType = sourcecode.swift; path = FloatingButtonWindow.swift; sourceTree = "<group>"; };
		392828D623176CB3007DADD0 /* AccountKitHelper.swift */ = {isa = PBXFileReference; fileEncoding = 4; lastKnownFileType = sourcecode.swift; path = AccountKitHelper.swift; sourceTree = "<group>"; };
		39320FFB2293944400C09DE0 /* NotiRouter.swift */ = {isa = PBXFileReference; fileEncoding = 4; lastKnownFileType = sourcecode.swift; path = NotiRouter.swift; sourceTree = "<group>"; };
		39320FFC2293944400C09DE0 /* SwiftDecoder.swift */ = {isa = PBXFileReference; fileEncoding = 4; lastKnownFileType = sourcecode.swift; path = SwiftDecoder.swift; sourceTree = "<group>"; };
		39320FFD2293944400C09DE0 /* NetworkManager.swift */ = {isa = PBXFileReference; fileEncoding = 4; lastKnownFileType = sourcecode.swift; path = NetworkManager.swift; sourceTree = "<group>"; };
		39320FFE2293944400C09DE0 /* BaseAPI.swift */ = {isa = PBXFileReference; fileEncoding = 4; lastKnownFileType = sourcecode.swift; path = BaseAPI.swift; sourceTree = "<group>"; };
		393210042293952D00C09DE0 /* NotiModel.swift */ = {isa = PBXFileReference; fileEncoding = 4; lastKnownFileType = sourcecode.swift; path = NotiModel.swift; sourceTree = "<group>"; };
		393210062293955000C09DE0 /* DataModel.swift */ = {isa = PBXFileReference; fileEncoding = 4; lastKnownFileType = sourcecode.swift; path = DataModel.swift; sourceTree = "<group>"; };
		393210092293992F00C09DE0 /* MyAlertController.swift */ = {isa = PBXFileReference; fileEncoding = 4; lastKnownFileType = sourcecode.swift; path = MyAlertController.swift; sourceTree = "<group>"; };
		3932100A2293992F00C09DE0 /* LimoAlertView.swift */ = {isa = PBXFileReference; fileEncoding = 4; lastKnownFileType = sourcecode.swift; path = LimoAlertView.swift; sourceTree = "<group>"; };
		3932100B2293992F00C09DE0 /* SCLAlertView.swift */ = {isa = PBXFileReference; fileEncoding = 4; lastKnownFileType = sourcecode.swift; path = SCLAlertView.swift; sourceTree = "<group>"; };
		3932100C2293992F00C09DE0 /* SCLExtensions.swift */ = {isa = PBXFileReference; fileEncoding = 4; lastKnownFileType = sourcecode.swift; path = SCLExtensions.swift; sourceTree = "<group>"; };
		3932101122939E6800C09DE0 /* ListItemViewController.xib */ = {isa = PBXFileReference; fileEncoding = 4; lastKnownFileType = file.xib; path = ListItemViewController.xib; sourceTree = "<group>"; };
		3932101222939E6800C09DE0 /* ListItemViewController.swift */ = {isa = PBXFileReference; fileEncoding = 4; lastKnownFileType = sourcecode.swift; path = ListItemViewController.swift; sourceTree = "<group>"; };
		3932101622939EFE00C09DE0 /* EmptyView.xib */ = {isa = PBXFileReference; fileEncoding = 4; lastKnownFileType = file.xib; path = EmptyView.xib; sourceTree = "<group>"; };
		3932101722939EFE00C09DE0 /* EmptyView.swift */ = {isa = PBXFileReference; fileEncoding = 4; lastKnownFileType = sourcecode.swift; path = EmptyView.swift; sourceTree = "<group>"; };
		3932101822939EFE00C09DE0 /* LoadMoreView.xib */ = {isa = PBXFileReference; fileEncoding = 4; lastKnownFileType = file.xib; path = LoadMoreView.xib; sourceTree = "<group>"; };
		3932101922939EFE00C09DE0 /* MyTableViewCell.swift */ = {isa = PBXFileReference; fileEncoding = 4; lastKnownFileType = sourcecode.swift; path = MyTableViewCell.swift; sourceTree = "<group>"; };
		3932101A22939EFE00C09DE0 /* LoadMoreView.swift */ = {isa = PBXFileReference; fileEncoding = 4; lastKnownFileType = sourcecode.swift; path = LoadMoreView.swift; sourceTree = "<group>"; };
		3932101B22939EFE00C09DE0 /* MyTableView.swift */ = {isa = PBXFileReference; fileEncoding = 4; lastKnownFileType = sourcecode.swift; path = MyTableView.swift; sourceTree = "<group>"; };
		3932101C22939EFE00C09DE0 /* UIScrollView-Helper.swift */ = {isa = PBXFileReference; fileEncoding = 4; lastKnownFileType = sourcecode.swift; path = "UIScrollView-Helper.swift"; sourceTree = "<group>"; };
		3932102522939F0D00C09DE0 /* MyCollectionView.swift */ = {isa = PBXFileReference; fileEncoding = 4; lastKnownFileType = sourcecode.swift; path = MyCollectionView.swift; sourceTree = "<group>"; };
		3932102622939F0D00C09DE0 /* FooterLoadMoreView.xib */ = {isa = PBXFileReference; fileEncoding = 4; lastKnownFileType = file.xib; path = FooterLoadMoreView.xib; sourceTree = "<group>"; };
		3932102722939F0D00C09DE0 /* FooterLoadMoreView.swift */ = {isa = PBXFileReference; fileEncoding = 4; lastKnownFileType = sourcecode.swift; path = FooterLoadMoreView.swift; sourceTree = "<group>"; };
		3932102C22939F6000C09DE0 /* PhotoGallery.swift */ = {isa = PBXFileReference; fileEncoding = 4; lastKnownFileType = sourcecode.swift; path = PhotoGallery.swift; sourceTree = "<group>"; };
		3932102D22939F6000C09DE0 /* PhotoGalleryCollectionViewCell.swift */ = {isa = PBXFileReference; fileEncoding = 4; lastKnownFileType = sourcecode.swift; path = PhotoGalleryCollectionViewCell.swift; sourceTree = "<group>"; };
		3932102E22939F6000C09DE0 /* PanDirectionGestureRecognizer.swift */ = {isa = PBXFileReference; fileEncoding = 4; lastKnownFileType = sourcecode.swift; path = PanDirectionGestureRecognizer.swift; sourceTree = "<group>"; };
		393210322293A0DE00C09DE0 /* ListItemViewCell.xib */ = {isa = PBXFileReference; fileEncoding = 4; lastKnownFileType = file.xib; path = ListItemViewCell.xib; sourceTree = "<group>"; };
		393210332293A0DE00C09DE0 /* ListItemViewCell.swift */ = {isa = PBXFileReference; fileEncoding = 4; lastKnownFileType = sourcecode.swift; path = ListItemViewCell.swift; sourceTree = "<group>"; };
		393210372293AB3C00C09DE0 /* ChildViewController.swift */ = {isa = PBXFileReference; lastKnownFileType = sourcecode.swift; path = ChildViewController.swift; sourceTree = "<group>"; };
		3932103A2293B13F00C09DE0 /* GalleryViewController.swift */ = {isa = PBXFileReference; lastKnownFileType = sourcecode.swift; path = GalleryViewController.swift; sourceTree = "<group>"; };
		3932103C2293B21F00C09DE0 /* 1.jpg */ = {isa = PBXFileReference; lastKnownFileType = image.jpeg; path = 1.jpg; sourceTree = "<group>"; };
		3932103D2293B22000C09DE0 /* 2.jpg */ = {isa = PBXFileReference; lastKnownFileType = image.jpeg; path = 2.jpg; sourceTree = "<group>"; };
		3932103E2293B22000C09DE0 /* 3.jpg */ = {isa = PBXFileReference; lastKnownFileType = image.jpeg; path = 3.jpg; sourceTree = "<group>"; };
		393210432293BBDF00C09DE0 /* 5.jpg */ = {isa = PBXFileReference; lastKnownFileType = image.jpeg; path = 5.jpg; sourceTree = "<group>"; };
		393210442293BBDF00C09DE0 /* 6.jpg */ = {isa = PBXFileReference; lastKnownFileType = image.jpeg; path = 6.jpg; sourceTree = "<group>"; };
		393210452293BBE000C09DE0 /* 7.jpg */ = {isa = PBXFileReference; lastKnownFileType = image.jpeg; path = 7.jpg; sourceTree = "<group>"; };
		393210462293BBE000C09DE0 /* 4.jpg */ = {isa = PBXFileReference; lastKnownFileType = image.jpeg; path = 4.jpg; sourceTree = "<group>"; };
		3932104B2293BC4700C09DE0 /* 8.jpg */ = {isa = PBXFileReference; lastKnownFileType = image.jpeg; path = 8.jpg; sourceTree = "<group>"; };
		3932104C2293BC4800C09DE0 /* 13.jpg */ = {isa = PBXFileReference; lastKnownFileType = image.jpeg; path = 13.jpg; sourceTree = "<group>"; };
		3932104D2293BC4800C09DE0 /* 12.jpg */ = {isa = PBXFileReference; lastKnownFileType = image.jpeg; path = 12.jpg; sourceTree = "<group>"; };
		3932104E2293BC4900C09DE0 /* 9.jpg */ = {isa = PBXFileReference; lastKnownFileType = image.jpeg; path = 9.jpg; sourceTree = "<group>"; };
		3932104F2293BC4900C09DE0 /* 14.jpg */ = {isa = PBXFileReference; lastKnownFileType = image.jpeg; path = 14.jpg; sourceTree = "<group>"; };
		393210502293BC4A00C09DE0 /* 11.jpg */ = {isa = PBXFileReference; lastKnownFileType = image.jpeg; path = 11.jpg; sourceTree = "<group>"; };
		393210512293BC4A00C09DE0 /* 10.jpg */ = {isa = PBXFileReference; lastKnownFileType = image.jpeg; path = 10.jpg; sourceTree = "<group>"; };
		3993B8F5233481A700174C96 /* OEUHeaderView.swift */ = {isa = PBXFileReference; fileEncoding = 4; lastKnownFileType = sourcecode.swift; path = OEUHeaderView.swift; sourceTree = "<group>"; };
		3993B8F6233481A700174C96 /* OEUHeaderView.xib */ = {isa = PBXFileReference; fileEncoding = 4; lastKnownFileType = file.xib; path = OEUHeaderView.xib; sourceTree = "<group>"; };
		3993B8FA2334AABE00174C96 /* ListVideoViewController.swift */ = {isa = PBXFileReference; lastKnownFileType = sourcecode.swift; path = ListVideoViewController.swift; sourceTree = "<group>"; };
		3993B90C2334C7A200174C96 /* ASVideoLayerObject.swift */ = {isa = PBXFileReference; fileEncoding = 4; lastKnownFileType = sourcecode.swift; path = ASVideoLayerObject.swift; sourceTree = "<group>"; };
		3993B90D2334C7A200174C96 /* ASVideoPlayerController.swift */ = {isa = PBXFileReference; fileEncoding = 4; lastKnownFileType = sourcecode.swift; path = ASVideoPlayerController.swift; sourceTree = "<group>"; };
		3993B90E2334C7A200174C96 /* ASVideoContainer.swift */ = {isa = PBXFileReference; fileEncoding = 4; lastKnownFileType = sourcecode.swift; path = ASVideoContainer.swift; sourceTree = "<group>"; };
		3993B9122334C7B900174C96 /* AppUtilities.swift */ = {isa = PBXFileReference; fileEncoding = 4; lastKnownFileType = sourcecode.swift; path = AppUtilities.swift; sourceTree = "<group>"; };
		3993B9132334C7B900174C96 /* ShotTableViewCell.swift */ = {isa = PBXFileReference; fileEncoding = 4; lastKnownFileType = sourcecode.swift; path = ShotTableViewCell.swift; sourceTree = "<group>"; };
		3993B9142334C7B900174C96 /* AppImageView.swift */ = {isa = PBXFileReference; fileEncoding = 4; lastKnownFileType = sourcecode.swift; path = AppImageView.swift; sourceTree = "<group>"; };
		3993B9152334C7BA00174C96 /* ShotTableViewCell.xib */ = {isa = PBXFileReference; fileEncoding = 4; lastKnownFileType = file.xib; path = ShotTableViewCell.xib; sourceTree = "<group>"; };
		DD07B9C6A24BF4D645753B3D /* Pods-TakePhotoManager.release.xcconfig */ = {isa = PBXFileReference; includeInIndex = 1; lastKnownFileType = text.xcconfig; name = "Pods-TakePhotoManager.release.xcconfig"; path = "Target Support Files/Pods-TakePhotoManager/Pods-TakePhotoManager.release.xcconfig"; sourceTree = "<group>"; };
		EEB4176D71C66B7808BD508E /* Pods_TakePhotoManager.framework */ = {isa = PBXFileReference; explicitFileType = wrapper.framework; includeInIndex = 0; path = Pods_TakePhotoManager.framework; sourceTree = BUILT_PRODUCTS_DIR; };
/* End PBXFileReference section */

/* Begin PBXFrameworksBuildPhase section */
		3904C75E2282DC9000D3D057 /* Frameworks */ = {
			isa = PBXFrameworksBuildPhase;
			buildActionMask = 2147483647;
			files = (
				32389735D049B8015C05B084 /* Pods_TakePhotoManager.framework in Frameworks */,
			);
			runOnlyForDeploymentPostprocessing = 0;
		};
		3904C7722282DC9300D3D057 /* Frameworks */ = {
			isa = PBXFrameworksBuildPhase;
			buildActionMask = 2147483647;
			files = (
			);
			runOnlyForDeploymentPostprocessing = 0;
		};
		3904C77D2282DC9300D3D057 /* Frameworks */ = {
			isa = PBXFrameworksBuildPhase;
			buildActionMask = 2147483647;
			files = (
			);
			runOnlyForDeploymentPostprocessing = 0;
		};
/* End PBXFrameworksBuildPhase section */

/* Begin PBXGroup section */
		3904B2CE2292960C004236F2 /* HashTagView */ = {
			isa = PBXGroup;
			children = (
				3904B2CF2292960C004236F2 /* TagItemLayout.swift */,
				3904B2D02292960C004236F2 /* HashTagListViewController.swift */,
				3904B2D32292960C004236F2 /* HashTagListViewController.xib */,
				3904B2D42292960C004236F2 /* TagViewCell.swift */,
				3904B2D12292960C004236F2 /* TagViewCell.xib */,
				3904B2D22292960C004236F2 /* TagView.swift */,
				3904B2D52292960C004236F2 /* TagView.xib */,
			);
			path = HashTagView;
			sourceTree = "<group>";
		};
		3904B2E72292A381004236F2 /* BASE */ = {
			isa = PBXGroup;
			children = (
				3932102B22939F6000C09DE0 /* PhotoGallery */,
				3904B3042292A876004236F2 /* MyImageView */,
				3932102422939F0D00C09DE0 /* MyCollectionView */,
				3932101522939EFE00C09DE0 /* MyTableView */,
				3904B2E22292A37B004236F2 /* BaseCollectionView.swift */,
				3904B2E12292A37B004236F2 /* BaseTableViewCell.swift */,
				3904B2E02292A37B004236F2 /* BaseViewController.swift */,
				3904B2DF2292A37B004236F2 /* FeedCollectionViewLayout.swift */,
			);
			path = BASE;
			sourceTree = "<group>";
		};
		3904B2E82292A6B2004236F2 /* Constant */ = {
			isa = PBXGroup;
			children = (
				3904B2EA2292A6B2004236F2 /* AppColor.swift */,
				3904B2EB2292A6B2004236F2 /* LoadingHelper.swift */,
				3904B2EC2292A6B2004236F2 /* AppKey.swift */,
				3904B2ED2292A6B2004236F2 /* SettingsApp.swift */,
				3904B2EE2292A6B2004236F2 /* AppFont.swift */,
			);
			path = Constant;
			sourceTree = "<group>";
		};
		3904B2F52292A796004236F2 /* MenuViewController */ = {
			isa = PBXGroup;
			children = (
				3904B2F62292A796004236F2 /* MenuTableViewCell.xib */,
				3904B2F72292A796004236F2 /* MenuHelper.swift */,
				3904B2F82292A796004236F2 /* MenuTableViewCell.swift */,
				3904B2F92292A796004236F2 /* MenuViewController.xib */,
				3904B2FA2292A796004236F2 /* DismissMenuAnimator.swift */,
				3904B2FB2292A796004236F2 /* PresentMenuAnimator.swift */,
				3904B2FC2292A796004236F2 /* MenuViewController.swift */,
			);
			path = MenuViewController;
			sourceTree = "<group>";
		};
		3904B3042292A876004236F2 /* MyImageView */ = {
			isa = PBXGroup;
			children = (
				3904B3052292A876004236F2 /* MyImageView.swift */,
				3904B3062292A876004236F2 /* MyImageView.xib */,
			);
			path = MyImageView;
			sourceTree = "<group>";
		};
		3904B30B2292A9A9004236F2 /* View */ = {
			isa = PBXGroup;
			children = (
				3993B8F5233481A700174C96 /* OEUHeaderView.swift */,
				3993B8F6233481A700174C96 /* OEUHeaderView.xib */,
				390982BE23332C5B006F2697 /* SendMessageView */,
				391B3E1F22E0331A0015DA61 /* FloatingButtonWindow.swift */,
				393210082293992F00C09DE0 /* AlertCustomView */,
				3904B2CE2292960C004236F2 /* HashTagView */,
			);
			path = View;
			sourceTree = "<group>";
		};
		3904B30C2292A9BC004236F2 /* ViewController */ = {
			isa = PBXGroup;
			children = (
				3993B8F92334940B00174C96 /* PlayVideo */,
				390982C723332CFE006F2697 /* Chat */,
				393210392293B0F400C09DE0 /* Gallery */,
				393210362293AB1200C09DE0 /* ChildViewController */,
				3904B2F52292A796004236F2 /* MenuViewController */,
				3904C7662282DC9000D3D057 /* ViewController.swift */,
				3904B2DD22929A4E004236F2 /* MainViewController.swift */,
				390C819722AA78C8005799FE /* TamOc */,
			);
			path = ViewController;
			sourceTree = "<group>";
		};
		3904B30D2292AAB2004236F2 /* SupportFile */ = {
			isa = PBXGroup;
			children = (
				3904C7642282DC9000D3D057 /* AppDelegate.swift */,
				3904C76B2282DC9300D3D057 /* Assets.xcassets */,
				3904C76D2282DC9300D3D057 /* LaunchScreen.storyboard */,
				3904C7702282DC9300D3D057 /* Info.plist */,
				393210422293BBC400C09DE0 /* SOURCE */,
			);
			path = SupportFile;
			sourceTree = "<group>";
		};
		3904B30E2292B23A004236F2 /* Storyboard */ = {
			isa = PBXGroup;
			children = (
				3904C7682282DC9000D3D057 /* Main.storyboard */,
				390982C323332C83006F2697 /* Chat.storyboard */,
			);
			path = Storyboard;
			sourceTree = "<group>";
		};
		3904C7582282DC9000D3D057 = {
			isa = PBXGroup;
			children = (
				3904C7632282DC9000D3D057 /* TakePhotoManager */,
				3904C7782282DC9300D3D057 /* TakePhotoManagerTests */,
				3904C7832282DC9300D3D057 /* TakePhotoManagerUITests */,
				3904C7622282DC9000D3D057 /* Products */,
				EBE7B8369541BFFE506B5A85 /* Pods */,
				51AAEB1167C8143A437173D5 /* Frameworks */,
			);
			sourceTree = "<group>";
		};
		3904C7622282DC9000D3D057 /* Products */ = {
			isa = PBXGroup;
			children = (
				3904C7612282DC9000D3D057 /* TakePhotoManager.app */,
				3904C7752282DC9300D3D057 /* TakePhotoManagerTests.xctest */,
				3904C7802282DC9300D3D057 /* TakePhotoManagerUITests.xctest */,
			);
			name = Products;
			sourceTree = "<group>";
		};
		3904C7632282DC9000D3D057 /* TakePhotoManager */ = {
			isa = PBXGroup;
			children = (
				39320FFA2293941400C09DE0 /* NetworkManager */,
				393210032293950F00C09DE0 /* Model */,
				3904B30E2292B23A004236F2 /* Storyboard */,
				3904B30C2292A9BC004236F2 /* ViewController */,
				3904B30B2292A9A9004236F2 /* View */,
				3904B2E82292A6B2004236F2 /* Constant */,
				3904B2E72292A381004236F2 /* BASE */,
				391597EA228D687C00152279 /* Extension */,
				3904B30D2292AAB2004236F2 /* SupportFile */,
			);
			path = TakePhotoManager;
			sourceTree = "<group>";
		};
		3904C7782282DC9300D3D057 /* TakePhotoManagerTests */ = {
			isa = PBXGroup;
			children = (
				3904C7792282DC9300D3D057 /* TakePhotoManagerTests.swift */,
				3904C77B2282DC9300D3D057 /* Info.plist */,
			);
			path = TakePhotoManagerTests;
			sourceTree = "<group>";
		};
		3904C7832282DC9300D3D057 /* TakePhotoManagerUITests */ = {
			isa = PBXGroup;
			children = (
				3904C7842282DC9300D3D057 /* TakePhotoManagerUITests.swift */,
				3904C7862282DC9300D3D057 /* Info.plist */,
			);
			path = TakePhotoManagerUITests;
			sourceTree = "<group>";
		};
		3904C7922282DCD400D3D057 /* ManagerImage */ = {
			isa = PBXGroup;
			children = (
				39136AEE22C1BDEB00D942B8 /* AttachmentHandler.swift */,
				3904C7932282DCD400D3D057 /* CropImageViewController.swift */,
				3904C7942282DCD400D3D057 /* UIImage+Extension.swift */,
				3904C7952282DCD400D3D057 /* PreviewImageController.swift */,
				3904C7962282DCD400D3D057 /* TakePhotoManager.swift */,
				3904C7972282DCD400D3D057 /* CameraManager.swift */,
				3904C7982282DCD400D3D057 /* TakePhotoManager.xib */,
				3904C7992282DCD400D3D057 /* CropImageViewController.xib */,
				3904C79A2282DCD400D3D057 /* PreviewImageController.xib */,
			);
			path = ManagerImage;
			sourceTree = "<group>";
		};
		390982BE23332C5B006F2697 /* SendMessageView */ = {
			isa = PBXGroup;
			children = (
				390982BF23332C5B006F2697 /* SendMessageView.swift */,
				390982C023332C5B006F2697 /* SendMessageView.xib */,
			);
			path = SendMessageView;
			sourceTree = "<group>";
		};
		390982C723332CFE006F2697 /* Chat */ = {
			isa = PBXGroup;
			children = (
				390982D12333378E006F2697 /* ListGroup */,
				390982C523332CF5006F2697 /* ChatVC.swift */,
				390982C823332D0E006F2697 /* ChatTVCell */,
			);
			path = Chat;
			sourceTree = "<group>";
		};
		390982C823332D0E006F2697 /* ChatTVCell */ = {
			isa = PBXGroup;
			children = (
				390982C923332D0E006F2697 /* ChatLeftTVCell.xib */,
				390982CA23332D0E006F2697 /* ChatRightTVCell.xib */,
				390982CB23332D0E006F2697 /* ChatRightTVCell.swift */,
				390982CC23332D0E006F2697 /* ChatLeftTVCell.swift */,
			);
			path = ChatTVCell;
			sourceTree = "<group>";
		};
		390982D12333378E006F2697 /* ListGroup */ = {
			isa = PBXGroup;
			children = (
				390982D2233337AF006F2697 /* ListGroupViewController.swift */,
				390982D423333809006F2697 /* ListGroupTableViewCell.swift */,
				390982D523333809006F2697 /* ListGroupTableViewCell.xib */,
			);
			path = ListGroup;
			sourceTree = "<group>";
		};
		390C819722AA78C8005799FE /* TamOc */ = {
			isa = PBXGroup;
			children = (
				390C819522AA7850005799FE /* TamOcViewController.swift */,
				390C819822AA78ED005799FE /* TamOcCollectionViewCell.swift */,
				390C819922AA78ED005799FE /* TamOcCollectionViewCell.xib */,
			);
			path = TamOc;
			sourceTree = "<group>";
		};
		391597EA228D687C00152279 /* Extension */ = {
			isa = PBXGroup;
			children = (
				392828D623176CB3007DADD0 /* AccountKitHelper.swift */,
				3904C7922282DCD400D3D057 /* ManagerImage */,
				391597F7228D689500152279 /* BadgeButton+Extension.swift */,
				391597FF228D689600152279 /* Date-Helper.swift */,
				391597FC228D689500152279 /* Double+Extension.swift */,
				391597FD228D689600152279 /* String+Extension.swift */,
				391597EC228D689400152279 /* UIBarButtonItem+Extension.swift */,
				391597F8228D689500152279 /* UIButtonX.swift */,
				391597F9228D689500152279 /* UIColor+Extension.swift */,
				391597FE228D689600152279 /* UIImageViewX.swift */,
				391597EB228D689400152279 /* UILabelX.swift */,
				391597F6228D689500152279 /* UINavigation+Extension.swift */,
				391597F0228D689400152279 /* UIScreen+Extension.swift */,
				391597F1228D689400152279 /* UISliderX.swift */,
				391597F4228D689500152279 /* UIStoryboard+Extension.swift */,
				391597EF228D689400152279 /* UITextFieldX.swift */,
				391597FA228D689500152279 /* UITextViewX.swift */,
				391597F3228D689500152279 /* UIViewAnchorPoint.swift */,
				391597FB228D689500152279 /* UIViewControllerX.swift */,
				391597F2228D689500152279 /* UIViewX.swift */,
				391597ED228D689400152279 /* UIViewXRadialGradient.swift */,
				39159800228D689600152279 /* UIVisualEffectViewX.swift */,
				391597EE228D689400152279 /* UIWindow+Extension.swift */,
				391597F5228D689500152279 /* ViewBase.swift */,
			);
			path = Extension;
			sourceTree = "<group>";
		};
		39320FFA2293941400C09DE0 /* NetworkManager */ = {
			isa = PBXGroup;
			children = (
				39320FFE2293944400C09DE0 /* BaseAPI.swift */,
				39320FFD2293944400C09DE0 /* NetworkManager.swift */,
				39320FFB2293944400C09DE0 /* NotiRouter.swift */,
				39320FFC2293944400C09DE0 /* SwiftDecoder.swift */,
			);
			path = NetworkManager;
			sourceTree = "<group>";
		};
		393210032293950F00C09DE0 /* Model */ = {
			isa = PBXGroup;
			children = (
				393210062293955000C09DE0 /* DataModel.swift */,
				393210042293952D00C09DE0 /* NotiModel.swift */,
			);
			path = Model;
			sourceTree = "<group>";
		};
		393210082293992F00C09DE0 /* AlertCustomView */ = {
			isa = PBXGroup;
			children = (
				393210092293992F00C09DE0 /* MyAlertController.swift */,
				3932100A2293992F00C09DE0 /* LimoAlertView.swift */,
				3932100B2293992F00C09DE0 /* SCLAlertView.swift */,
				3932100C2293992F00C09DE0 /* SCLExtensions.swift */,
			);
			path = AlertCustomView;
			sourceTree = "<group>";
		};
		3932101522939EFE00C09DE0 /* MyTableView */ = {
			isa = PBXGroup;
			children = (
				3932101622939EFE00C09DE0 /* EmptyView.xib */,
				3932101722939EFE00C09DE0 /* EmptyView.swift */,
				3932101822939EFE00C09DE0 /* LoadMoreView.xib */,
				3932101922939EFE00C09DE0 /* MyTableViewCell.swift */,
				3932101A22939EFE00C09DE0 /* LoadMoreView.swift */,
				3932101B22939EFE00C09DE0 /* MyTableView.swift */,
				3932101C22939EFE00C09DE0 /* UIScrollView-Helper.swift */,
			);
			path = MyTableView;
			sourceTree = "<group>";
		};
		3932102422939F0D00C09DE0 /* MyCollectionView */ = {
			isa = PBXGroup;
			children = (
				3932102522939F0D00C09DE0 /* MyCollectionView.swift */,
				3932102622939F0D00C09DE0 /* FooterLoadMoreView.xib */,
				3932102722939F0D00C09DE0 /* FooterLoadMoreView.swift */,
			);
			path = MyCollectionView;
			sourceTree = "<group>";
		};
		3932102B22939F6000C09DE0 /* PhotoGallery */ = {
			isa = PBXGroup;
			children = (
				3932102C22939F6000C09DE0 /* PhotoGallery.swift */,
				3932102D22939F6000C09DE0 /* PhotoGalleryCollectionViewCell.swift */,
				3932102E22939F6000C09DE0 /* PanDirectionGestureRecognizer.swift */,
			);
			path = PhotoGallery;
			sourceTree = "<group>";
		};
		393210362293AB1200C09DE0 /* ChildViewController */ = {
			isa = PBXGroup;
			children = (
				393210372293AB3C00C09DE0 /* ChildViewController.swift */,
				3932101222939E6800C09DE0 /* ListItemViewController.swift */,
				3932101122939E6800C09DE0 /* ListItemViewController.xib */,
				393210332293A0DE00C09DE0 /* ListItemViewCell.swift */,
				393210322293A0DE00C09DE0 /* ListItemViewCell.xib */,
			);
			path = ChildViewController;
			sourceTree = "<group>";
		};
		393210392293B0F400C09DE0 /* Gallery */ = {
			isa = PBXGroup;
			children = (
				3932103A2293B13F00C09DE0 /* GalleryViewController.swift */,
			);
			path = Gallery;
			sourceTree = "<group>";
		};
		393210422293BBC400C09DE0 /* SOURCE */ = {
			isa = PBXGroup;
			children = (
				3932103C2293B21F00C09DE0 /* 1.jpg */,
				3932103D2293B22000C09DE0 /* 2.jpg */,
				3932103E2293B22000C09DE0 /* 3.jpg */,
				393210462293BBE000C09DE0 /* 4.jpg */,
				3932104B2293BC4700C09DE0 /* 8.jpg */,
				3932104E2293BC4900C09DE0 /* 9.jpg */,
				393210512293BC4A00C09DE0 /* 10.jpg */,
				393210502293BC4A00C09DE0 /* 11.jpg */,
				3932104D2293BC4800C09DE0 /* 12.jpg */,
				3932104C2293BC4800C09DE0 /* 13.jpg */,
				3932104F2293BC4900C09DE0 /* 14.jpg */,
				393210432293BBDF00C09DE0 /* 5.jpg */,
				393210442293BBDF00C09DE0 /* 6.jpg */,
				393210452293BBE000C09DE0 /* 7.jpg */,
			);
			path = SOURCE;
			sourceTree = "<group>";
		};
		3993B8F92334940B00174C96 /* PlayVideo */ = {
			isa = PBXGroup;
			children = (
				3993B9142334C7B900174C96 /* AppImageView.swift */,
				3993B9122334C7B900174C96 /* AppUtilities.swift */,
				3993B9132334C7B900174C96 /* ShotTableViewCell.swift */,
				3993B9152334C7BA00174C96 /* ShotTableViewCell.xib */,
				3993B90B2334C7A200174C96 /* VideoPlayLibrary */,
				3993B8FA2334AABE00174C96 /* ListVideoViewController.swift */,
			);
			path = PlayVideo;
			sourceTree = "<group>";
		};
		3993B90B2334C7A200174C96 /* VideoPlayLibrary */ = {
			isa = PBXGroup;
			children = (
				3993B90C2334C7A200174C96 /* ASVideoLayerObject.swift */,
				3993B90D2334C7A200174C96 /* ASVideoPlayerController.swift */,
				3993B90E2334C7A200174C96 /* ASVideoContainer.swift */,
			);
			path = VideoPlayLibrary;
			sourceTree = "<group>";
		};
		51AAEB1167C8143A437173D5 /* Frameworks */ = {
			isa = PBXGroup;
			children = (
				EEB4176D71C66B7808BD508E /* Pods_TakePhotoManager.framework */,
			);
			name = Frameworks;
			sourceTree = "<group>";
		};
		EBE7B8369541BFFE506B5A85 /* Pods */ = {
			isa = PBXGroup;
			children = (
				182E7BC2DD1BBC8812B4FC43 /* Pods-TakePhotoManager.debug.xcconfig */,
				DD07B9C6A24BF4D645753B3D /* Pods-TakePhotoManager.release.xcconfig */,
			);
			path = Pods;
			sourceTree = "<group>";
		};
/* End PBXGroup section */

/* Begin PBXNativeTarget section */
		3904C7602282DC9000D3D057 /* TakePhotoManager */ = {
			isa = PBXNativeTarget;
			buildConfigurationList = 3904C7892282DC9300D3D057 /* Build configuration list for PBXNativeTarget "TakePhotoManager" */;
			buildPhases = (
				06414C2B8A072C1F730A73EB /* [CP] Check Pods Manifest.lock */,
				3904C75D2282DC9000D3D057 /* Sources */,
				3904C75E2282DC9000D3D057 /* Frameworks */,
				3904C75F2282DC9000D3D057 /* Resources */,
				62E71A2E3A2D243AC20E0F3C /* [CP] Embed Pods Frameworks */,
				6C4EB18397116E6ACBECC5CC /* [CP] Copy Pods Resources */,
			);
			buildRules = (
			);
			dependencies = (
			);
			name = TakePhotoManager;
			productName = TakePhotoManager;
			productReference = 3904C7612282DC9000D3D057 /* TakePhotoManager.app */;
			productType = "com.apple.product-type.application";
		};
		3904C7742282DC9300D3D057 /* TakePhotoManagerTests */ = {
			isa = PBXNativeTarget;
			buildConfigurationList = 3904C78C2282DC9300D3D057 /* Build configuration list for PBXNativeTarget "TakePhotoManagerTests" */;
			buildPhases = (
				3904C7712282DC9300D3D057 /* Sources */,
				3904C7722282DC9300D3D057 /* Frameworks */,
				3904C7732282DC9300D3D057 /* Resources */,
			);
			buildRules = (
			);
			dependencies = (
				3904C7772282DC9300D3D057 /* PBXTargetDependency */,
			);
			name = TakePhotoManagerTests;
			productName = TakePhotoManagerTests;
			productReference = 3904C7752282DC9300D3D057 /* TakePhotoManagerTests.xctest */;
			productType = "com.apple.product-type.bundle.unit-test";
		};
		3904C77F2282DC9300D3D057 /* TakePhotoManagerUITests */ = {
			isa = PBXNativeTarget;
			buildConfigurationList = 3904C78F2282DC9300D3D057 /* Build configuration list for PBXNativeTarget "TakePhotoManagerUITests" */;
			buildPhases = (
				3904C77C2282DC9300D3D057 /* Sources */,
				3904C77D2282DC9300D3D057 /* Frameworks */,
				3904C77E2282DC9300D3D057 /* Resources */,
			);
			buildRules = (
			);
			dependencies = (
				3904C7822282DC9300D3D057 /* PBXTargetDependency */,
			);
			name = TakePhotoManagerUITests;
			productName = TakePhotoManagerUITests;
			productReference = 3904C7802282DC9300D3D057 /* TakePhotoManagerUITests.xctest */;
			productType = "com.apple.product-type.bundle.ui-testing";
		};
/* End PBXNativeTarget section */

/* Begin PBXProject section */
		3904C7592282DC9000D3D057 /* Project object */ = {
			isa = PBXProject;
			attributes = {
				LastSwiftUpdateCheck = 1020;
				LastUpgradeCheck = 1020;
				ORGANIZATIONNAME = DangHung;
				TargetAttributes = {
					3904C7602282DC9000D3D057 = {
						CreatedOnToolsVersion = 10.2;
						SystemCapabilities = {
							com.apple.BackgroundModes = {
								enabled = 1;
							};
						};
					};
					3904C7742282DC9300D3D057 = {
						CreatedOnToolsVersion = 10.2;
						TestTargetID = 3904C7602282DC9000D3D057;
					};
					3904C77F2282DC9300D3D057 = {
						CreatedOnToolsVersion = 10.2;
						TestTargetID = 3904C7602282DC9000D3D057;
					};
				};
			};
			buildConfigurationList = 3904C75C2282DC9000D3D057 /* Build configuration list for PBXProject "TakePhotoManager" */;
			compatibilityVersion = "Xcode 9.3";
			developmentRegion = en;
			hasScannedForEncodings = 0;
			knownRegions = (
				en,
				Base,
			);
			mainGroup = 3904C7582282DC9000D3D057;
			productRefGroup = 3904C7622282DC9000D3D057 /* Products */;
			projectDirPath = "";
			projectRoot = "";
			targets = (
				3904C7602282DC9000D3D057 /* TakePhotoManager */,
				3904C7742282DC9300D3D057 /* TakePhotoManagerTests */,
				3904C77F2282DC9300D3D057 /* TakePhotoManagerUITests */,
			);
		};
/* End PBXProject section */

/* Begin PBXResourcesBuildPhase section */
		3904C75F2282DC9000D3D057 /* Resources */ = {
			isa = PBXResourcesBuildPhase;
			buildActionMask = 2147483647;
			files = (
				393210522293BC4A00C09DE0 /* 8.jpg in Resources */,
				3932101322939E6800C09DE0 /* ListItemViewController.xib in Resources */,
				3904C7A12282DCD400D3D057 /* CropImageViewController.xib in Resources */,
				390982C223332C5B006F2697 /* SendMessageView.xib in Resources */,
				3904B2DA2292960C004236F2 /* HashTagListViewController.xib in Resources */,
				3904C76F2282DC9300D3D057 /* LaunchScreen.storyboard in Resources */,
				3932102922939F0D00C09DE0 /* FooterLoadMoreView.xib in Resources */,
				393210472293BBE000C09DE0 /* 5.jpg in Resources */,
				390982CE23332D0E006F2697 /* ChatRightTVCell.xib in Resources */,
				390C819B22AA78ED005799FE /* TamOcCollectionViewCell.xib in Resources */,
				3932101F22939EFE00C09DE0 /* LoadMoreView.xib in Resources */,
				3993B9192334C7BA00174C96 /* ShotTableViewCell.xib in Resources */,
				3932104A2293BBE000C09DE0 /* 4.jpg in Resources */,
				393210552293BC4A00C09DE0 /* 9.jpg in Resources */,
				3993B8F8233481A700174C96 /* OEUHeaderView.xib in Resources */,
				3904C7A22282DCD400D3D057 /* PreviewImageController.xib in Resources */,
				3904B3082292A876004236F2 /* MyImageView.xib in Resources */,
				393210342293A0DE00C09DE0 /* ListItemViewCell.xib in Resources */,
				393210532293BC4A00C09DE0 /* 13.jpg in Resources */,
				390982C423332C83006F2697 /* Chat.storyboard in Resources */,
				393210562293BC4A00C09DE0 /* 14.jpg in Resources */,
				393210402293B22000C09DE0 /* 2.jpg in Resources */,
				390982D723333809006F2697 /* ListGroupTableViewCell.xib in Resources */,
				3904B2DC2292960C004236F2 /* TagView.xib in Resources */,
				3904C76C2282DC9300D3D057 /* Assets.xcassets in Resources */,
				393210482293BBE000C09DE0 /* 6.jpg in Resources */,
				3904C76A2282DC9000D3D057 /* Main.storyboard in Resources */,
				3904B3002292A797004236F2 /* MenuViewController.xib in Resources */,
				393210492293BBE000C09DE0 /* 7.jpg in Resources */,
				3932101D22939EFE00C09DE0 /* EmptyView.xib in Resources */,
				393210412293B22000C09DE0 /* 3.jpg in Resources */,
				393210542293BC4A00C09DE0 /* 12.jpg in Resources */,
				3904C7A02282DCD400D3D057 /* TakePhotoManager.xib in Resources */,
				3932103F2293B22000C09DE0 /* 1.jpg in Resources */,
				393210572293BC4A00C09DE0 /* 11.jpg in Resources */,
				393210582293BC4A00C09DE0 /* 10.jpg in Resources */,
				390982CD23332D0E006F2697 /* ChatLeftTVCell.xib in Resources */,
				3904B2FD2292A797004236F2 /* MenuTableViewCell.xib in Resources */,
				3904B2D82292960C004236F2 /* TagViewCell.xib in Resources */,
			);
			runOnlyForDeploymentPostprocessing = 0;
		};
		3904C7732282DC9300D3D057 /* Resources */ = {
			isa = PBXResourcesBuildPhase;
			buildActionMask = 2147483647;
			files = (
			);
			runOnlyForDeploymentPostprocessing = 0;
		};
		3904C77E2282DC9300D3D057 /* Resources */ = {
			isa = PBXResourcesBuildPhase;
			buildActionMask = 2147483647;
			files = (
			);
			runOnlyForDeploymentPostprocessing = 0;
		};
/* End PBXResourcesBuildPhase section */

/* Begin PBXShellScriptBuildPhase section */
		06414C2B8A072C1F730A73EB /* [CP] Check Pods Manifest.lock */ = {
			isa = PBXShellScriptBuildPhase;
			buildActionMask = 2147483647;
			files = (
			);
			inputFileListPaths = (
			);
			inputPaths = (
				"${PODS_PODFILE_DIR_PATH}/Podfile.lock",
				"${PODS_ROOT}/Manifest.lock",
			);
			name = "[CP] Check Pods Manifest.lock";
			outputFileListPaths = (
			);
			outputPaths = (
				"$(DERIVED_FILE_DIR)/Pods-TakePhotoManager-checkManifestLockResult.txt",
			);
			runOnlyForDeploymentPostprocessing = 0;
			shellPath = /bin/sh;
			shellScript = "diff \"${PODS_PODFILE_DIR_PATH}/Podfile.lock\" \"${PODS_ROOT}/Manifest.lock\" > /dev/null\nif [ $? != 0 ] ; then\n    # print error to STDERR\n    echo \"error: The sandbox is not in sync with the Podfile.lock. Run 'pod install' or update your CocoaPods installation.\" >&2\n    exit 1\nfi\n# This output is used by Xcode 'outputs' to avoid re-running this script phase.\necho \"SUCCESS\" > \"${SCRIPT_OUTPUT_FILE_0}\"\n";
			showEnvVarsInLog = 0;
		};
		62E71A2E3A2D243AC20E0F3C /* [CP] Embed Pods Frameworks */ = {
			isa = PBXShellScriptBuildPhase;
			buildActionMask = 2147483647;
			files = (
			);
			inputFileListPaths = (
				"${PODS_ROOT}/Target Support Files/Pods-TakePhotoManager/Pods-TakePhotoManager-frameworks-${CONFIGURATION}-input-files.xcfilelist",
			);
			name = "[CP] Embed Pods Frameworks";
			outputFileListPaths = (
				"${PODS_ROOT}/Target Support Files/Pods-TakePhotoManager/Pods-TakePhotoManager-frameworks-${CONFIGURATION}-output-files.xcfilelist",
			);
			runOnlyForDeploymentPostprocessing = 0;
			shellPath = /bin/sh;
			shellScript = "\"${PODS_ROOT}/Target Support Files/Pods-TakePhotoManager/Pods-TakePhotoManager-frameworks.sh\"\n";
			showEnvVarsInLog = 0;
		};
		6C4EB18397116E6ACBECC5CC /* [CP] Copy Pods Resources */ = {
			isa = PBXShellScriptBuildPhase;
			buildActionMask = 2147483647;
			files = (
			);
			inputFileListPaths = (
				"${PODS_ROOT}/Target Support Files/Pods-TakePhotoManager/Pods-TakePhotoManager-resources-${CONFIGURATION}-input-files.xcfilelist",
			);
			name = "[CP] Copy Pods Resources";
			outputFileListPaths = (
				"${PODS_ROOT}/Target Support Files/Pods-TakePhotoManager/Pods-TakePhotoManager-resources-${CONFIGURATION}-output-files.xcfilelist",
			);
			runOnlyForDeploymentPostprocessing = 0;
			shellPath = /bin/sh;
			shellScript = "\"${PODS_ROOT}/Target Support Files/Pods-TakePhotoManager/Pods-TakePhotoManager-resources.sh\"\n";
			showEnvVarsInLog = 0;
		};
/* End PBXShellScriptBuildPhase section */

/* Begin PBXSourcesBuildPhase section */
		3904C75D2282DC9000D3D057 /* Sources */ = {
			isa = PBXSourcesBuildPhase;
			buildActionMask = 2147483647;
			files = (
				39159809228D689600152279 /* UIViewAnchorPoint.swift in Sources */,
				3904B2F02292A6B2004236F2 /* AppColor.swift in Sources */,
				392828D723176CB3007DADD0 /* AccountKitHelper.swift in Sources */,
				39159805228D689600152279 /* UITextFieldX.swift in Sources */,
				3904C79D2282DCD400D3D057 /* PreviewImageController.swift in Sources */,
				3904B2F42292A6B2004236F2 /* AppFont.swift in Sources */,
				39136AEF22C1BDEB00D942B8 /* AttachmentHandler.swift in Sources */,
				393210022293944400C09DE0 /* BaseAPI.swift in Sources */,
				393210102293992F00C09DE0 /* SCLExtensions.swift in Sources */,
				3932103122939F6000C09DE0 /* PanDirectionGestureRecognizer.swift in Sources */,
				3915980F228D689600152279 /* UIColor+Extension.swift in Sources */,
				390982D623333809006F2697 /* ListGroupTableViewCell.swift in Sources */,
				393210052293952E00C09DE0 /* NotiModel.swift in Sources */,
				3915980B228D689600152279 /* ViewBase.swift in Sources */,
				3932103B2293B13F00C09DE0 /* GalleryViewController.swift in Sources */,
				3904B3032292A797004236F2 /* MenuViewController.swift in Sources */,
				390982D3233337AF006F2697 /* ListGroupViewController.swift in Sources */,
				3932102322939EFE00C09DE0 /* UIScrollView-Helper.swift in Sources */,
				3904B3072292A876004236F2 /* MyImageView.swift in Sources */,
				3904B2E62292A37B004236F2 /* BaseCollectionView.swift in Sources */,
				3932101422939E6800C09DE0 /* ListItemViewController.swift in Sources */,
				3993B8F7233481A700174C96 /* OEUHeaderView.swift in Sources */,
				3904B2E42292A37B004236F2 /* BaseViewController.swift in Sources */,
				3904C79F2282DCD400D3D057 /* CameraManager.swift in Sources */,
				3932101E22939EFE00C09DE0 /* EmptyView.swift in Sources */,
				39159813228D689600152279 /* String+Extension.swift in Sources */,
				3904B2DE22929A4E004236F2 /* MainViewController.swift in Sources */,
				390982D023332D0E006F2697 /* ChatLeftTVCell.swift in Sources */,
				3993B9102334C7A200174C96 /* ASVideoPlayerController.swift in Sources */,
				3993B90F2334C7A200174C96 /* ASVideoLayerObject.swift in Sources */,
				3904B2D62292960C004236F2 /* TagItemLayout.swift in Sources */,
				39159815228D689600152279 /* Date-Helper.swift in Sources */,
				3993B9182334C7BA00174C96 /* AppImageView.swift in Sources */,
				393210012293944400C09DE0 /* NetworkManager.swift in Sources */,
				3904B2FF2292A797004236F2 /* MenuTableViewCell.swift in Sources */,
				3932100D2293992F00C09DE0 /* MyAlertController.swift in Sources */,
				3904B2F32292A6B2004236F2 /* SettingsApp.swift in Sources */,
				3904C79E2282DCD400D3D057 /* TakePhotoManager.swift in Sources */,
				3993B9112334C7A200174C96 /* ASVideoContainer.swift in Sources */,
				3904B2DB2292960C004236F2 /* TagViewCell.swift in Sources */,
				3993B8FB2334AABE00174C96 /* ListVideoViewController.swift in Sources */,
				3932102122939EFE00C09DE0 /* LoadMoreView.swift in Sources */,
				3904B2F12292A6B2004236F2 /* LoadingHelper.swift in Sources */,
				3904C7672282DC9000D3D057 /* ViewController.swift in Sources */,
				390982C123332C5B006F2697 /* SendMessageView.swift in Sources */,
				3932103022939F6000C09DE0 /* PhotoGalleryCollectionViewCell.swift in Sources */,
				391B3E2022E0331A0015DA61 /* FloatingButtonWindow.swift in Sources */,
				39159807228D689600152279 /* UISliderX.swift in Sources */,
				39159804228D689600152279 /* UIWindow+Extension.swift in Sources */,
				3932100F2293992F00C09DE0 /* SCLAlertView.swift in Sources */,
				3915980D228D689600152279 /* BadgeButton+Extension.swift in Sources */,
				3932100E2293992F00C09DE0 /* LimoAlertView.swift in Sources */,
				3904C79B2282DCD400D3D057 /* CropImageViewController.swift in Sources */,
				3915980A228D689600152279 /* UIStoryboard+Extension.swift in Sources */,
				393210002293944400C09DE0 /* SwiftDecoder.swift in Sources */,
				39159808228D689600152279 /* UIViewX.swift in Sources */,
				393210352293A0DE00C09DE0 /* ListItemViewCell.swift in Sources */,
				3904B2D72292960C004236F2 /* HashTagListViewController.swift in Sources */,
				39159814228D689600152279 /* UIImageViewX.swift in Sources */,
				3904B2E52292A37B004236F2 /* BaseTableViewCell.swift in Sources */,
				393210072293955000C09DE0 /* DataModel.swift in Sources */,
				393210382293AB3C00C09DE0 /* ChildViewController.swift in Sources */,
				3904B3022292A797004236F2 /* PresentMenuAnimator.swift in Sources */,
				39159806228D689600152279 /* UIScreen+Extension.swift in Sources */,
				390C819622AA7850005799FE /* TamOcViewController.swift in Sources */,
				39159811228D689600152279 /* UIViewControllerX.swift in Sources */,
				3904C7652282DC9000D3D057 /* AppDelegate.swift in Sources */,
				3904C79C2282DCD400D3D057 /* UIImage+Extension.swift in Sources */,
				39159802228D689600152279 /* UIBarButtonItem+Extension.swift in Sources */,
				390C819A22AA78ED005799FE /* TamOcCollectionViewCell.swift in Sources */,
				3915980E228D689600152279 /* UIButtonX.swift in Sources */,
				39159803228D689600152279 /* UIViewXRadialGradient.swift in Sources */,
				3932102A22939F0D00C09DE0 /* FooterLoadMoreView.swift in Sources */,
				390982C623332CF5006F2697 /* ChatVC.swift in Sources */,
				3915980C228D689600152279 /* UINavigation+Extension.swift in Sources */,
				39159816228D689600152279 /* UIVisualEffectViewX.swift in Sources */,
				3932102222939EFE00C09DE0 /* MyTableView.swift in Sources */,
				3904B2E32292A37B004236F2 /* FeedCollectionViewLayout.swift in Sources */,
				3993B9172334C7BA00174C96 /* ShotTableViewCell.swift in Sources */,
				3932102822939F0D00C09DE0 /* MyCollectionView.swift in Sources */,
				3904B2F22292A6B2004236F2 /* AppKey.swift in Sources */,
				39159810228D689600152279 /* UITextViewX.swift in Sources */,
				390982CF23332D0E006F2697 /* ChatRightTVCell.swift in Sources */,
				3904B2FE2292A797004236F2 /* MenuHelper.swift in Sources */,
				3993B9162334C7BA00174C96 /* AppUtilities.swift in Sources */,
				39159812228D689600152279 /* Double+Extension.swift in Sources */,
				3932102022939EFE00C09DE0 /* MyTableViewCell.swift in Sources */,
				3932102F22939F6000C09DE0 /* PhotoGallery.swift in Sources */,
				39320FFF2293944400C09DE0 /* NotiRouter.swift in Sources */,
				39159801228D689600152279 /* UILabelX.swift in Sources */,
				3904B3012292A797004236F2 /* DismissMenuAnimator.swift in Sources */,
				3904B2D92292960C004236F2 /* TagView.swift in Sources */,
			);
			runOnlyForDeploymentPostprocessing = 0;
		};
		3904C7712282DC9300D3D057 /* Sources */ = {
			isa = PBXSourcesBuildPhase;
			buildActionMask = 2147483647;
			files = (
				3904C77A2282DC9300D3D057 /* TakePhotoManagerTests.swift in Sources */,
			);
			runOnlyForDeploymentPostprocessing = 0;
		};
		3904C77C2282DC9300D3D057 /* Sources */ = {
			isa = PBXSourcesBuildPhase;
			buildActionMask = 2147483647;
			files = (
				3904C7852282DC9300D3D057 /* TakePhotoManagerUITests.swift in Sources */,
			);
			runOnlyForDeploymentPostprocessing = 0;
		};
/* End PBXSourcesBuildPhase section */

/* Begin PBXTargetDependency section */
		3904C7772282DC9300D3D057 /* PBXTargetDependency */ = {
			isa = PBXTargetDependency;
			target = 3904C7602282DC9000D3D057 /* TakePhotoManager */;
			targetProxy = 3904C7762282DC9300D3D057 /* PBXContainerItemProxy */;
		};
		3904C7822282DC9300D3D057 /* PBXTargetDependency */ = {
			isa = PBXTargetDependency;
			target = 3904C7602282DC9000D3D057 /* TakePhotoManager */;
			targetProxy = 3904C7812282DC9300D3D057 /* PBXContainerItemProxy */;
		};
/* End PBXTargetDependency section */

/* Begin PBXVariantGroup section */
		3904C7682282DC9000D3D057 /* Main.storyboard */ = {
			isa = PBXVariantGroup;
			children = (
				3904C7692282DC9000D3D057 /* Base */,
			);
			name = Main.storyboard;
			sourceTree = "<group>";
		};
		3904C76D2282DC9300D3D057 /* LaunchScreen.storyboard */ = {
			isa = PBXVariantGroup;
			children = (
				3904C76E2282DC9300D3D057 /* Base */,
			);
			name = LaunchScreen.storyboard;
			sourceTree = "<group>";
		};
/* End PBXVariantGroup section */

/* Begin XCBuildConfiguration section */
		3904C7872282DC9300D3D057 /* Debug */ = {
			isa = XCBuildConfiguration;
			buildSettings = {
				ALWAYS_SEARCH_USER_PATHS = NO;
				CLANG_ANALYZER_NONNULL = YES;
				CLANG_ANALYZER_NUMBER_OBJECT_CONVERSION = YES_AGGRESSIVE;
				CLANG_CXX_LANGUAGE_STANDARD = "gnu++14";
				CLANG_CXX_LIBRARY = "libc++";
				CLANG_ENABLE_MODULES = YES;
				CLANG_ENABLE_OBJC_ARC = YES;
				CLANG_ENABLE_OBJC_WEAK = YES;
				CLANG_WARN_BLOCK_CAPTURE_AUTORELEASING = YES;
				CLANG_WARN_BOOL_CONVERSION = YES;
				CLANG_WARN_COMMA = YES;
				CLANG_WARN_CONSTANT_CONVERSION = YES;
				CLANG_WARN_DEPRECATED_OBJC_IMPLEMENTATIONS = YES;
				CLANG_WARN_DIRECT_OBJC_ISA_USAGE = YES_ERROR;
				CLANG_WARN_DOCUMENTATION_COMMENTS = YES;
				CLANG_WARN_EMPTY_BODY = YES;
				CLANG_WARN_ENUM_CONVERSION = YES;
				CLANG_WARN_INFINITE_RECURSION = YES;
				CLANG_WARN_INT_CONVERSION = YES;
				CLANG_WARN_NON_LITERAL_NULL_CONVERSION = YES;
				CLANG_WARN_OBJC_IMPLICIT_RETAIN_SELF = YES;
				CLANG_WARN_OBJC_LITERAL_CONVERSION = YES;
				CLANG_WARN_OBJC_ROOT_CLASS = YES_ERROR;
				CLANG_WARN_RANGE_LOOP_ANALYSIS = YES;
				CLANG_WARN_STRICT_PROTOTYPES = YES;
				CLANG_WARN_SUSPICIOUS_MOVE = YES;
				CLANG_WARN_UNGUARDED_AVAILABILITY = YES_AGGRESSIVE;
				CLANG_WARN_UNREACHABLE_CODE = YES;
				CLANG_WARN__DUPLICATE_METHOD_MATCH = YES;
				CODE_SIGN_IDENTITY = "iPhone Developer";
				COPY_PHASE_STRIP = NO;
				DEBUG_INFORMATION_FORMAT = dwarf;
				ENABLE_STRICT_OBJC_MSGSEND = YES;
				ENABLE_TESTABILITY = YES;
				GCC_C_LANGUAGE_STANDARD = gnu11;
				GCC_DYNAMIC_NO_PIC = NO;
				GCC_NO_COMMON_BLOCKS = YES;
				GCC_OPTIMIZATION_LEVEL = 0;
				GCC_PREPROCESSOR_DEFINITIONS = (
					"DEBUG=1",
					"$(inherited)",
				);
				GCC_WARN_64_TO_32_BIT_CONVERSION = YES;
				GCC_WARN_ABOUT_RETURN_TYPE = YES_ERROR;
				GCC_WARN_UNDECLARED_SELECTOR = YES;
				GCC_WARN_UNINITIALIZED_AUTOS = YES_AGGRESSIVE;
				GCC_WARN_UNUSED_FUNCTION = YES;
				GCC_WARN_UNUSED_VARIABLE = YES;
				IPHONEOS_DEPLOYMENT_TARGET = 12.2;
				MTL_ENABLE_DEBUG_INFO = INCLUDE_SOURCE;
				MTL_FAST_MATH = YES;
				ONLY_ACTIVE_ARCH = YES;
				SDKROOT = iphoneos;
				SWIFT_ACTIVE_COMPILATION_CONDITIONS = DEBUG;
				SWIFT_OPTIMIZATION_LEVEL = "-Onone";
			};
			name = Debug;
		};
		3904C7882282DC9300D3D057 /* Release */ = {
			isa = XCBuildConfiguration;
			buildSettings = {
				ALWAYS_SEARCH_USER_PATHS = NO;
				CLANG_ANALYZER_NONNULL = YES;
				CLANG_ANALYZER_NUMBER_OBJECT_CONVERSION = YES_AGGRESSIVE;
				CLANG_CXX_LANGUAGE_STANDARD = "gnu++14";
				CLANG_CXX_LIBRARY = "libc++";
				CLANG_ENABLE_MODULES = YES;
				CLANG_ENABLE_OBJC_ARC = YES;
				CLANG_ENABLE_OBJC_WEAK = YES;
				CLANG_WARN_BLOCK_CAPTURE_AUTORELEASING = YES;
				CLANG_WARN_BOOL_CONVERSION = YES;
				CLANG_WARN_COMMA = YES;
				CLANG_WARN_CONSTANT_CONVERSION = YES;
				CLANG_WARN_DEPRECATED_OBJC_IMPLEMENTATIONS = YES;
				CLANG_WARN_DIRECT_OBJC_ISA_USAGE = YES_ERROR;
				CLANG_WARN_DOCUMENTATION_COMMENTS = YES;
				CLANG_WARN_EMPTY_BODY = YES;
				CLANG_WARN_ENUM_CONVERSION = YES;
				CLANG_WARN_INFINITE_RECURSION = YES;
				CLANG_WARN_INT_CONVERSION = YES;
				CLANG_WARN_NON_LITERAL_NULL_CONVERSION = YES;
				CLANG_WARN_OBJC_IMPLICIT_RETAIN_SELF = YES;
				CLANG_WARN_OBJC_LITERAL_CONVERSION = YES;
				CLANG_WARN_OBJC_ROOT_CLASS = YES_ERROR;
				CLANG_WARN_RANGE_LOOP_ANALYSIS = YES;
				CLANG_WARN_STRICT_PROTOTYPES = YES;
				CLANG_WARN_SUSPICIOUS_MOVE = YES;
				CLANG_WARN_UNGUARDED_AVAILABILITY = YES_AGGRESSIVE;
				CLANG_WARN_UNREACHABLE_CODE = YES;
				CLANG_WARN__DUPLICATE_METHOD_MATCH = YES;
				CODE_SIGN_IDENTITY = "iPhone Developer";
				COPY_PHASE_STRIP = NO;
				DEBUG_INFORMATION_FORMAT = "dwarf-with-dsym";
				ENABLE_NS_ASSERTIONS = NO;
				ENABLE_STRICT_OBJC_MSGSEND = YES;
				GCC_C_LANGUAGE_STANDARD = gnu11;
				GCC_NO_COMMON_BLOCKS = YES;
				GCC_WARN_64_TO_32_BIT_CONVERSION = YES;
				GCC_WARN_ABOUT_RETURN_TYPE = YES_ERROR;
				GCC_WARN_UNDECLARED_SELECTOR = YES;
				GCC_WARN_UNINITIALIZED_AUTOS = YES_AGGRESSIVE;
				GCC_WARN_UNUSED_FUNCTION = YES;
				GCC_WARN_UNUSED_VARIABLE = YES;
				IPHONEOS_DEPLOYMENT_TARGET = 12.2;
				MTL_ENABLE_DEBUG_INFO = NO;
				MTL_FAST_MATH = YES;
				SDKROOT = iphoneos;
				SWIFT_COMPILATION_MODE = wholemodule;
				SWIFT_OPTIMIZATION_LEVEL = "-O";
				VALIDATE_PRODUCT = YES;
			};
			name = Release;
		};
		3904C78A2282DC9300D3D057 /* Debug */ = {
			isa = XCBuildConfiguration;
			baseConfigurationReference = 182E7BC2DD1BBC8812B4FC43 /* Pods-TakePhotoManager.debug.xcconfig */;
			buildSettings = {
				ASSETCATALOG_COMPILER_APPICON_NAME = AppIcon;
				CODE_SIGN_STYLE = Automatic;
				DEVELOPMENT_TEAM = 5TP8PA3939;
				INFOPLIST_FILE = "$(SRCROOT)/TakePhotoManager/SupportFile/Info.plist";
				LD_RUNPATH_SEARCH_PATHS = (
					"$(inherited)",
					"@executable_path/Frameworks",
				);
				PRODUCT_BUNDLE_IDENTIFIER = com.danghung.TakePhotoManager;
				PRODUCT_NAME = "$(TARGET_NAME)";
				SWIFT_VERSION = 5.0;
				TARGETED_DEVICE_FAMILY = "1,2";
			};
			name = Debug;
		};
		3904C78B2282DC9300D3D057 /* Release */ = {
			isa = XCBuildConfiguration;
			baseConfigurationReference = DD07B9C6A24BF4D645753B3D /* Pods-TakePhotoManager.release.xcconfig */;
			buildSettings = {
				ASSETCATALOG_COMPILER_APPICON_NAME = AppIcon;
				CODE_SIGN_STYLE = Automatic;
				DEVELOPMENT_TEAM = 5TP8PA3939;
				INFOPLIST_FILE = "$(SRCROOT)/TakePhotoManager/SupportFile/Info.plist";
				LD_RUNPATH_SEARCH_PATHS = (
					"$(inherited)",
					"@executable_path/Frameworks",
				);
				PRODUCT_BUNDLE_IDENTIFIER = com.danghung.TakePhotoManager;
				PRODUCT_NAME = "$(TARGET_NAME)";
				SWIFT_VERSION = 5.0;
				TARGETED_DEVICE_FAMILY = "1,2";
			};
			name = Release;
		};
		3904C78D2282DC9300D3D057 /* Debug */ = {
			isa = XCBuildConfiguration;
			buildSettings = {
				ALWAYS_EMBED_SWIFT_STANDARD_LIBRARIES = YES;
				BUNDLE_LOADER = "$(TEST_HOST)";
				CODE_SIGN_STYLE = Automatic;
				INFOPLIST_FILE = TakePhotoManagerTests/Info.plist;
				LD_RUNPATH_SEARCH_PATHS = (
					"$(inherited)",
					"@executable_path/Frameworks",
					"@loader_path/Frameworks",
				);
				PRODUCT_BUNDLE_IDENTIFIER = com.danghung.TakePhotoManagerTests;
				PRODUCT_NAME = "$(TARGET_NAME)";
				SWIFT_VERSION = 5.0;
				TARGETED_DEVICE_FAMILY = "1,2";
				TEST_HOST = "$(BUILT_PRODUCTS_DIR)/TakePhotoManager.app/TakePhotoManager";
			};
			name = Debug;
		};
		3904C78E2282DC9300D3D057 /* Release */ = {
			isa = XCBuildConfiguration;
			buildSettings = {
				ALWAYS_EMBED_SWIFT_STANDARD_LIBRARIES = YES;
				BUNDLE_LOADER = "$(TEST_HOST)";
				CODE_SIGN_STYLE = Automatic;
				INFOPLIST_FILE = TakePhotoManagerTests/Info.plist;
				LD_RUNPATH_SEARCH_PATHS = (
					"$(inherited)",
					"@executable_path/Frameworks",
					"@loader_path/Frameworks",
				);
				PRODUCT_BUNDLE_IDENTIFIER = com.danghung.TakePhotoManagerTests;
				PRODUCT_NAME = "$(TARGET_NAME)";
				SWIFT_VERSION = 5.0;
				TARGETED_DEVICE_FAMILY = "1,2";
				TEST_HOST = "$(BUILT_PRODUCTS_DIR)/TakePhotoManager.app/TakePhotoManager";
			};
			name = Release;
		};
		3904C7902282DC9300D3D057 /* Debug */ = {
			isa = XCBuildConfiguration;
			buildSettings = {
				ALWAYS_EMBED_SWIFT_STANDARD_LIBRARIES = YES;
				CODE_SIGN_STYLE = Automatic;
				INFOPLIST_FILE = TakePhotoManagerUITests/Info.plist;
				LD_RUNPATH_SEARCH_PATHS = (
					"$(inherited)",
					"@executable_path/Frameworks",
					"@loader_path/Frameworks",
				);
				PRODUCT_BUNDLE_IDENTIFIER = com.danghung.TakePhotoManagerUITests;
				PRODUCT_NAME = "$(TARGET_NAME)";
				SWIFT_VERSION = 5.0;
				TARGETED_DEVICE_FAMILY = "1,2";
				TEST_TARGET_NAME = TakePhotoManager;
			};
			name = Debug;
		};
		3904C7912282DC9300D3D057 /* Release */ = {
			isa = XCBuildConfiguration;
			buildSettings = {
				ALWAYS_EMBED_SWIFT_STANDARD_LIBRARIES = YES;
				CODE_SIGN_STYLE = Automatic;
				INFOPLIST_FILE = TakePhotoManagerUITests/Info.plist;
				LD_RUNPATH_SEARCH_PATHS = (
					"$(inherited)",
					"@executable_path/Frameworks",
					"@loader_path/Frameworks",
				);
				PRODUCT_BUNDLE_IDENTIFIER = com.danghung.TakePhotoManagerUITests;
				PRODUCT_NAME = "$(TARGET_NAME)";
				SWIFT_VERSION = 5.0;
				TARGETED_DEVICE_FAMILY = "1,2";
				TEST_TARGET_NAME = TakePhotoManager;
			};
			name = Release;
		};
/* End XCBuildConfiguration section */

/* Begin XCConfigurationList section */
		3904C75C2282DC9000D3D057 /* Build configuration list for PBXProject "TakePhotoManager" */ = {
			isa = XCConfigurationList;
			buildConfigurations = (
				3904C7872282DC9300D3D057 /* Debug */,
				3904C7882282DC9300D3D057 /* Release */,
			);
			defaultConfigurationIsVisible = 0;
			defaultConfigurationName = Release;
		};
		3904C7892282DC9300D3D057 /* Build configuration list for PBXNativeTarget "TakePhotoManager" */ = {
			isa = XCConfigurationList;
			buildConfigurations = (
				3904C78A2282DC9300D3D057 /* Debug */,
				3904C78B2282DC9300D3D057 /* Release */,
			);
			defaultConfigurationIsVisible = 0;
			defaultConfigurationName = Release;
		};
		3904C78C2282DC9300D3D057 /* Build configuration list for PBXNativeTarget "TakePhotoManagerTests" */ = {
			isa = XCConfigurationList;
			buildConfigurations = (
				3904C78D2282DC9300D3D057 /* Debug */,
				3904C78E2282DC9300D3D057 /* Release */,
			);
			defaultConfigurationIsVisible = 0;
			defaultConfigurationName = Release;
		};
		3904C78F2282DC9300D3D057 /* Build configuration list for PBXNativeTarget "TakePhotoManagerUITests" */ = {
			isa = XCConfigurationList;
			buildConfigurations = (
				3904C7902282DC9300D3D057 /* Debug */,
				3904C7912282DC9300D3D057 /* Release */,
			);
			defaultConfigurationIsVisible = 0;
			defaultConfigurationName = Release;
		};
/* End XCConfigurationList section */
	};
	rootObject = 3904C7592282DC9000D3D057 /* Project object */;
}
